// !$*UTF8*$!
{
	archiveVersion = 1;
	classes = {
	};
	objectVersion = 46;
	objects = {

/* Begin PBXBuildFile section */
		8C0701DE1D3413D3007722C6 /* AppDelegate.swift in Sources */ = {isa = PBXBuildFile; fileRef = 8C0701DD1D3413D3007722C6 /* AppDelegate.swift */; };
		8C0701E31D3413D3007722C6 /* Main.storyboard in Resources */ = {isa = PBXBuildFile; fileRef = 8C0701E11D3413D3007722C6 /* Main.storyboard */; };
		8C0701E51D3413D3007722C6 /* Assets.xcassets in Resources */ = {isa = PBXBuildFile; fileRef = 8C0701E41D3413D3007722C6 /* Assets.xcassets */; };
		8C0701E81D3413D3007722C6 /* LaunchScreen.storyboard in Resources */ = {isa = PBXBuildFile; fileRef = 8C0701E61D3413D3007722C6 /* LaunchScreen.storyboard */; };
		8C0701F91D34299B007722C6 /* PianoViewController.swift in Sources */ = {isa = PBXBuildFile; fileRef = 8C0701F81D34299B007722C6 /* PianoViewController.swift */; };
		8C0701FB1D342BD3007722C6 /* PianoC.wav in Resources */ = {isa = PBXBuildFile; fileRef = 8C0701FA1D342BD3007722C6 /* PianoC.wav */; };
		DA660169B18523C01A777912 /* Pods_Instruments.framework in Frameworks */ = {isa = PBXBuildFile; fileRef = 2BFB42D9193D4DE15F8C7B5C /* Pods_Instruments.framework */; };
/* End PBXBuildFile section */

/* Begin PBXCopyFilesBuildPhase section */
		8C0701F51D3414DA007722C6 /* Embed Frameworks */ = {
			isa = PBXCopyFilesBuildPhase;
			buildActionMask = 2147483647;
			dstPath = "";
			dstSubfolderSpec = 10;
			files = (
			);
			name = "Embed Frameworks";
			runOnlyForDeploymentPostprocessing = 0;
		};
/* End PBXCopyFilesBuildPhase section */

/* Begin PBXFileReference section */
		2BFB42D9193D4DE15F8C7B5C /* Pods_Instruments.framework */ = {isa = PBXFileReference; explicitFileType = wrapper.framework; includeInIndex = 0; path = Pods_Instruments.framework; sourceTree = BUILT_PRODUCTS_DIR; };
		328300858EB442BF6C9466D5 /* Pods-Instruments.debug.xcconfig */ = {isa = PBXFileReference; includeInIndex = 1; lastKnownFileType = text.xcconfig; name = "Pods-Instruments.debug.xcconfig"; path = "Pods/Target Support Files/Pods-Instruments/Pods-Instruments.debug.xcconfig"; sourceTree = "<group>"; };
		8C0701DA1D3413D3007722C6 /* Instruments.app */ = {isa = PBXFileReference; explicitFileType = wrapper.application; includeInIndex = 0; path = Instruments.app; sourceTree = BUILT_PRODUCTS_DIR; };
		8C0701DD1D3413D3007722C6 /* AppDelegate.swift */ = {isa = PBXFileReference; lastKnownFileType = sourcecode.swift; path = AppDelegate.swift; sourceTree = "<group>"; };
		8C0701E21D3413D3007722C6 /* Base */ = {isa = PBXFileReference; lastKnownFileType = file.storyboard; name = Base; path = Base.lproj/Main.storyboard; sourceTree = "<group>"; };
		8C0701E41D3413D3007722C6 /* Assets.xcassets */ = {isa = PBXFileReference; lastKnownFileType = folder.assetcatalog; path = Assets.xcassets; sourceTree = "<group>"; };
		8C0701E71D3413D3007722C6 /* Base */ = {isa = PBXFileReference; lastKnownFileType = file.storyboard; name = Base; path = Base.lproj/LaunchScreen.storyboard; sourceTree = "<group>"; };
		8C0701E91D3413D3007722C6 /* Info.plist */ = {isa = PBXFileReference; lastKnownFileType = text.plist.xml; path = Info.plist; sourceTree = "<group>"; };
		8C0701F81D34299B007722C6 /* PianoViewController.swift */ = {isa = PBXFileReference; fileEncoding = 4; lastKnownFileType = sourcecode.swift; path = PianoViewController.swift; sourceTree = "<group>"; };
		8C0701FA1D342BD3007722C6 /* PianoC.wav */ = {isa = PBXFileReference; lastKnownFileType = audio.wav; path = PianoC.wav; sourceTree = "<group>"; };
		EE75D53D1F07C9AB9FDE5899 /* Pods-Instruments.release.xcconfig */ = {isa = PBXFileReference; includeInIndex = 1; lastKnownFileType = text.xcconfig; name = "Pods-Instruments.release.xcconfig"; path = "Pods/Target Support Files/Pods-Instruments/Pods-Instruments.release.xcconfig"; sourceTree = "<group>"; };
/* End PBXFileReference section */

/* Begin PBXFrameworksBuildPhase section */
		8C0701D71D3413D3007722C6 /* Frameworks */ = {
			isa = PBXFrameworksBuildPhase;
			buildActionMask = 2147483647;
			files = (
				DA660169B18523C01A777912 /* Pods_Instruments.framework in Frameworks */,
			);
			runOnlyForDeploymentPostprocessing = 0;
		};
/* End PBXFrameworksBuildPhase section */

/* Begin PBXGroup section */
		13EC7F71C10F98A79C5A07B7 /* Frameworks */ = {
			isa = PBXGroup;
			children = (
				2BFB42D9193D4DE15F8C7B5C /* Pods_Instruments.framework */,
			);
			name = Frameworks;
			sourceTree = "<group>";
		};
		3AAA3425BF98AFBBB185B2C5 /* Pods */ = {
			isa = PBXGroup;
			children = (
				328300858EB442BF6C9466D5 /* Pods-Instruments.debug.xcconfig */,
				EE75D53D1F07C9AB9FDE5899 /* Pods-Instruments.release.xcconfig */,
			);
			name = Pods;
			sourceTree = "<group>";
		};
		8C0701D11D3413D3007722C6 = {
			isa = PBXGroup;
			children = (
				8C0701DC1D3413D3007722C6 /* Instruments */,
				8C0701DB1D3413D3007722C6 /* Products */,
				3AAA3425BF98AFBBB185B2C5 /* Pods */,
				13EC7F71C10F98A79C5A07B7 /* Frameworks */,
			);
			sourceTree = "<group>";
		};
		8C0701DB1D3413D3007722C6 /* Products */ = {
			isa = PBXGroup;
			children = (
				8C0701DA1D3413D3007722C6 /* Instruments.app */,
			);
			name = Products;
			sourceTree = "<group>";
		};
		8C0701DC1D3413D3007722C6 /* Instruments */ = {
			isa = PBXGroup;
			children = (
				8C0701FA1D342BD3007722C6 /* PianoC.wav */,
				8C0701DD1D3413D3007722C6 /* AppDelegate.swift */,
				8C0701E11D3413D3007722C6 /* Main.storyboard */,
				8C0701F81D34299B007722C6 /* PianoViewController.swift */,
				8C0701F11D341438007722C6 /* View Controllers */,
				8C0701E41D3413D3007722C6 /* Assets.xcassets */,
				8C0701E61D3413D3007722C6 /* LaunchScreen.storyboard */,
				8C0701E91D3413D3007722C6 /* Info.plist */,
			);
			path = Instruments;
			sourceTree = "<group>";
		};
		8C0701F11D341438007722C6 /* View Controllers */ = {
			isa = PBXGroup;
			children = (
			);
			name = "View Controllers";
			sourceTree = "<group>";
		};
/* End PBXGroup section */

/* Begin PBXNativeTarget section */
		8C0701D91D3413D3007722C6 /* Instruments */ = {
			isa = PBXNativeTarget;
			buildConfigurationList = 8C0701EC1D3413D3007722C6 /* Build configuration list for PBXNativeTarget "Instruments" */;
			buildPhases = (
				870AD6CAF0F84BDC72895FC5 /* [CP] Check Pods Manifest.lock */,
				8C0701D61D3413D3007722C6 /* Sources */,
				8C0701D71D3413D3007722C6 /* Frameworks */,
				8C0701D81D3413D3007722C6 /* Resources */,
				8C0701F51D3414DA007722C6 /* Embed Frameworks */,
				3B47BE54A76D6A49112A5D9B /* [CP] Embed Pods Frameworks */,
				EF8C5F111AEE961C7418298A /* [CP] Copy Pods Resources */,
			);
			buildRules = (
			);
			dependencies = (
			);
			name = Instruments;
			productName = Instruments;
			productReference = 8C0701DA1D3413D3007722C6 /* Instruments.app */;
			productType = "com.apple.product-type.application";
		};
/* End PBXNativeTarget section */

/* Begin PBXProject section */
		8C0701D21D3413D3007722C6 /* Project object */ = {
			isa = PBXProject;
			attributes = {
				LastSwiftUpdateCheck = 0730;
				LastUpgradeCheck = 0730;
				ORGANIZATIONNAME = "Alexina Boudreaux-Allen";
				TargetAttributes = {
					8C0701D91D3413D3007722C6 = {
						CreatedOnToolsVersion = 7.3.1;
						DevelopmentTeam = BUD5KK8D4U;
					};
				};
			};
			buildConfigurationList = 8C0701D51D3413D3007722C6 /* Build configuration list for PBXProject "Instruments" */;
			compatibilityVersion = "Xcode 3.2";
			developmentRegion = English;
			hasScannedForEncodings = 0;
			knownRegions = (
				en,
				Base,
			);
			mainGroup = 8C0701D11D3413D3007722C6;
			productRefGroup = 8C0701DB1D3413D3007722C6 /* Products */;
			projectDirPath = "";
			projectRoot = "";
			targets = (
				8C0701D91D3413D3007722C6 /* Instruments */,
			);
		};
/* End PBXProject section */

/* Begin PBXResourcesBuildPhase section */
		8C0701D81D3413D3007722C6 /* Resources */ = {
			isa = PBXResourcesBuildPhase;
			buildActionMask = 2147483647;
			files = (
				8C0701FB1D342BD3007722C6 /* PianoC.wav in Resources */,
				8C0701E81D3413D3007722C6 /* LaunchScreen.storyboard in Resources */,
				8C0701E51D3413D3007722C6 /* Assets.xcassets in Resources */,
				8C0701E31D3413D3007722C6 /* Main.storyboard in Resources */,
			);
			runOnlyForDeploymentPostprocessing = 0;
		};
/* End PBXResourcesBuildPhase section */

/* Begin PBXShellScriptBuildPhase section */
		3B47BE54A76D6A49112A5D9B /* [CP] Embed Pods Frameworks */ = {
			isa = PBXShellScriptBuildPhase;
			buildActionMask = 2147483647;
			files = (
			);
			inputPaths = (
			);
			name = "[CP] Embed Pods Frameworks";
			outputPaths = (
			);
			runOnlyForDeploymentPostprocessing = 0;
			shellPath = /bin/sh;
			shellScript = "\"${SRCROOT}/Pods/Target Support Files/Pods-Instruments/Pods-Instruments-frameworks.sh\"\n";
			showEnvVarsInLog = 0;
		};
		870AD6CAF0F84BDC72895FC5 /* [CP] Check Pods Manifest.lock */ = {
			isa = PBXShellScriptBuildPhase;
			buildActionMask = 2147483647;
			files = (
			);
			inputPaths = (
			);
			name = "[CP] Check Pods Manifest.lock";
			outputPaths = (
			);
			runOnlyForDeploymentPostprocessing = 0;
			shellPath = /bin/sh;
			shellScript = "diff \"${PODS_ROOT}/../Podfile.lock\" \"${PODS_ROOT}/Manifest.lock\" > /dev/null\nif [[ $? != 0 ]] ; then\n    cat << EOM\nerror: The sandbox is not in sync with the Podfile.lock. Run 'pod install' or update your CocoaPods installation.\nEOM\n    exit 1\nfi\n";
			showEnvVarsInLog = 0;
		};
		EF8C5F111AEE961C7418298A /* [CP] Copy Pods Resources */ = {
			isa = PBXShellScriptBuildPhase;
			buildActionMask = 2147483647;
			files = (
			);
			inputPaths = (
			);
			name = "[CP] Copy Pods Resources";
			outputPaths = (
			);
			runOnlyForDeploymentPostprocessing = 0;
			shellPath = /bin/sh;
			shellScript = "\"${SRCROOT}/Pods/Target Support Files/Pods-Instruments/Pods-Instruments-resources.sh\"\n";
			showEnvVarsInLog = 0;
		};
/* End PBXShellScriptBuildPhase section */

/* Begin PBXSourcesBuildPhase section */
		8C0701D61D3413D3007722C6 /* Sources */ = {
			isa = PBXSourcesBuildPhase;
			buildActionMask = 2147483647;
			files = (
				8C0701F91D34299B007722C6 /* PianoViewController.swift in Sources */,
				8C0701DE1D3413D3007722C6 /* AppDelegate.swift in Sources */,
			);
			runOnlyForDeploymentPostprocessing = 0;
		};
/* End PBXSourcesBuildPhase section */

/* Begin PBXVariantGroup section */
		8C0701E11D3413D3007722C6 /* Main.storyboard */ = {
			isa = PBXVariantGroup;
			children = (
				8C0701E21D3413D3007722C6 /* Base */,
			);
			name = Main.storyboard;
			sourceTree = "<group>";
		};
		8C0701E61D3413D3007722C6 /* LaunchScreen.storyboard */ = {
			isa = PBXVariantGroup;
			children = (
				8C0701E71D3413D3007722C6 /* Base */,
			);
			name = LaunchScreen.storyboard;
			sourceTree = "<group>";
		};
/* End PBXVariantGroup section */

/* Begin XCBuildConfiguration section */
		8C0701EA1D3413D3007722C6 /* Debug */ = {
			isa = XCBuildConfiguration;
			buildSettings = {
				ALWAYS_SEARCH_USER_PATHS = NO;
				CLANG_ANALYZER_NONNULL = YES;
				CLANG_CXX_LANGUAGE_STANDARD = "gnu++0x";
				CLANG_CXX_LIBRARY = "libc++";
				CLANG_ENABLE_MODULES = YES;
				CLANG_ENABLE_OBJC_ARC = YES;
				CLANG_WARN_BOOL_CONVERSION = YES;
				CLANG_WARN_CONSTANT_CONVERSION = YES;
				CLANG_WARN_DIRECT_OBJC_ISA_USAGE = YES_ERROR;
				CLANG_WARN_EMPTY_BODY = YES;
				CLANG_WARN_ENUM_CONVERSION = YES;
				CLANG_WARN_INT_CONVERSION = YES;
				CLANG_WARN_OBJC_ROOT_CLASS = YES_ERROR;
				CLANG_WARN_UNREACHABLE_CODE = YES;
				CLANG_WARN__DUPLICATE_METHOD_MATCH = YES;
				"CODE_SIGN_IDENTITY[sdk=iphoneos*]" = "iPhone Developer";
				COPY_PHASE_STRIP = NO;
				DEBUG_INFORMATION_FORMAT = dwarf;
				ENABLE_STRICT_OBJC_MSGSEND = YES;
				ENABLE_TESTABILITY = YES;
				GCC_C_LANGUAGE_STANDARD = gnu99;
				GCC_DYNAMIC_NO_PIC = NO;
				GCC_NO_COMMON_BLOCKS = YES;
				GCC_OPTIMIZATION_LEVEL = 0;
				GCC_PREPROCESSOR_DEFINITIONS = (
					"DEBUG=1",
					"$(inherited)",
				);
				GCC_WARN_64_TO_32_BIT_CONVERSION = YES;
				GCC_WARN_ABOUT_RETURN_TYPE = YES_ERROR;
				GCC_WARN_UNDECLARED_SELECTOR = YES;
				GCC_WARN_UNINITIALIZED_AUTOS = YES_AGGRESSIVE;
				GCC_WARN_UNUSED_FUNCTION = YES;
				GCC_WARN_UNUSED_VARIABLE = YES;
				IPHONEOS_DEPLOYMENT_TARGET = 9.3;
				MTL_ENABLE_DEBUG_INFO = YES;
				ONLY_ACTIVE_ARCH = YES;
				SDKROOT = iphoneos;
				SWIFT_OPTIMIZATION_LEVEL = "-Onone";
			};
			name = Debug;
		};
		8C0701EB1D3413D3007722C6 /* Release */ = {
			isa = XCBuildConfiguration;
			buildSettings = {
				ALWAYS_SEARCH_USER_PATHS = NO;
				CLANG_ANALYZER_NONNULL = YES;
				CLANG_CXX_LANGUAGE_STANDARD = "gnu++0x";
				CLANG_CXX_LIBRARY = "libc++";
				CLANG_ENABLE_MODULES = YES;
				CLANG_ENABLE_OBJC_ARC = YES;
				CLANG_WARN_BOOL_CONVERSION = YES;
				CLANG_WARN_CONSTANT_CONVERSION = YES;
				CLANG_WARN_DIRECT_OBJC_ISA_USAGE = YES_ERROR;
				CLANG_WARN_EMPTY_BODY = YES;
				CLANG_WARN_ENUM_CONVERSION = YES;
				CLANG_WARN_INT_CONVERSION = YES;
				CLANG_WARN_OBJC_ROOT_CLASS = YES_ERROR;
				CLANG_WARN_UNREACHABLE_CODE = YES;
				CLANG_WARN__DUPLICATE_METHOD_MATCH = YES;
				"CODE_SIGN_IDENTITY[sdk=iphoneos*]" = "iPhone Developer";
				COPY_PHASE_STRIP = NO;
				DEBUG_INFORMATION_FORMAT = "dwarf-with-dsym";
				ENABLE_NS_ASSERTIONS = NO;
				ENABLE_STRICT_OBJC_MSGSEND = YES;
				GCC_C_LANGUAGE_STANDARD = gnu99;
				GCC_NO_COMMON_BLOCKS = YES;
				GCC_WARN_64_TO_32_BIT_CONVERSION = YES;
				GCC_WARN_ABOUT_RETURN_TYPE = YES_ERROR;
				GCC_WARN_UNDECLARED_SELECTOR = YES;
				GCC_WARN_UNINITIALIZED_AUTOS = YES_AGGRESSIVE;
				GCC_WARN_UNUSED_FUNCTION = YES;
				GCC_WARN_UNUSED_VARIABLE = YES;
				IPHONEOS_DEPLOYMENT_TARGET = 9.3;
				MTL_ENABLE_DEBUG_INFO = NO;
				SDKROOT = iphoneos;
				VALIDATE_PRODUCT = YES;
			};
			name = Release;
		};
		8C0701ED1D3413D3007722C6 /* Debug */ = {
			isa = XCBuildConfiguration;
			baseConfigurationReference = 328300858EB442BF6C9466D5 /* Pods-Instruments.debug.xcconfig */;
			buildSettings = {
				ASSETCATALOG_COMPILER_APPICON_NAME = AppIcon;
				FRAMEWORK_SEARCH_PATHS = (
					"$(inherited)",
					"$(PROJECT_DIR)",
				);
				INFOPLIST_FILE = Instruments/Info.plist;
				LD_RUNPATH_SEARCH_PATHS = "$(inherited) @executable_path/Frameworks";
				PRODUCT_BUNDLE_IDENTIFIER = com.codepath.Instruments;
				PRODUCT_NAME = "$(TARGET_NAME)";
			};
			name = Debug;
		};
		8C0701EE1D3413D3007722C6 /* Release */ = {
			isa = XCBuildConfiguration;
			baseConfigurationReference = EE75D53D1F07C9AB9FDE5899 /* Pods-Instruments.release.xcconfig */;
			buildSettings = {
				ASSETCATALOG_COMPILER_APPICON_NAME = AppIcon;
				FRAMEWORK_SEARCH_PATHS = (
					"$(inherited)",
					"$(PROJECT_DIR)",
				);
				INFOPLIST_FILE = Instruments/Info.plist;
				LD_RUNPATH_SEARCH_PATHS = "$(inherited) @executable_path/Frameworks";
				PRODUCT_BUNDLE_IDENTIFIER = com.codepath.Instruments;
				PRODUCT_NAME = "$(TARGET_NAME)";
			};
			name = Release;
		};
/* End XCBuildConfiguration section */

/* Begin XCConfigurationList section */
		8C0701D51D3413D3007722C6 /* Build configuration list for PBXProject "Instruments" */ = {
			isa = XCConfigurationList;
			buildConfigurations = (
				8C0701EA1D3413D3007722C6 /* Debug */,
				8C0701EB1D3413D3007722C6 /* Release */,
			);
			defaultConfigurationIsVisible = 0;
			defaultConfigurationName = Release;
		};
		8C0701EC1D3413D3007722C6 /* Build configuration list for PBXNativeTarget "Instruments" */ = {
			isa = XCConfigurationList;
			buildConfigurations = (
				8C0701ED1D3413D3007722C6 /* Debug */,
				8C0701EE1D3413D3007722C6 /* Release */,
			);
			defaultConfigurationIsVisible = 0;
			defaultConfigurationName = Release;
		};
/* End XCConfigurationList section */
	};
	rootObject = 8C0701D21D3413D3007722C6 /* Project object */;
}
