// !$*UTF8*$!
{
	archiveVersion = 1;
	classes = {
	};
	objectVersion = 46;
	objects = {

/* Begin PBXBuildFile section */
		E7CC22AF1D3030A6009B07A2 /* AppDelegate.swift in Sources */ = {isa = PBXBuildFile; fileRef = E7CC22AE1D3030A6009B07A2 /* AppDelegate.swift */; };
		E7CC22B11D3030A6009B07A2 /* ViewController.swift in Sources */ = {isa = PBXBuildFile; fileRef = E7CC22B01D3030A6009B07A2 /* ViewController.swift */; };
		E7CC22B41D3030A6009B07A2 /* Main.storyboard in Resources */ = {isa = PBXBuildFile; fileRef = E7CC22B21D3030A6009B07A2 /* Main.storyboard */; };
		E7CC22B61D3030A6009B07A2 /* Assets.xcassets in Resources */ = {isa = PBXBuildFile; fileRef = E7CC22B51D3030A6009B07A2 /* Assets.xcassets */; };
		E7CC22B91D3030A6009B07A2 /* LaunchScreen.storyboard in Resources */ = {isa = PBXBuildFile; fileRef = E7CC22B71D3030A6009B07A2 /* LaunchScreen.storyboard */; };
/* End PBXBuildFile section */

/* Begin PBXFileReference section */
		E7CC22AB1D3030A6009B07A2 /* AudioRecording.app */ = {isa = PBXFileReference; explicitFileType = wrapper.application; includeInIndex = 0; path = AudioRecording.app; sourceTree = BUILT_PRODUCTS_DIR; };
		E7CC22AE1D3030A6009B07A2 /* AppDelegate.swift */ = {isa = PBXFileReference; lastKnownFileType = sourcecode.swift; path = AppDelegate.swift; sourceTree = "<group>"; };
		E7CC22B01D3030A6009B07A2 /* ViewController.swift */ = {isa = PBXFileReference; lastKnownFileType = sourcecode.swift; path = ViewController.swift; sourceTree = "<group>"; };
		E7CC22B31D3030A6009B07A2 /* Base */ = {isa = PBXFileReference; lastKnownFileType = file.storyboard; name = Base; path = Base.lproj/Main.storyboard; sourceTree = "<group>"; };
		E7CC22B51D3030A6009B07A2 /* Assets.xcassets */ = {isa = PBXFileReference; lastKnownFileType = folder.assetcatalog; path = Assets.xcassets; sourceTree = "<group>"; };
		E7CC22B81D3030A6009B07A2 /* Base */ = {isa = PBXFileReference; lastKnownFileType = file.storyboard; name = Base; path = Base.lproj/LaunchScreen.storyboard; sourceTree = "<group>"; };
		E7CC22BA1D3030A6009B07A2 /* Info.plist */ = {isa = PBXFileReference; lastKnownFileType = text.plist.xml; path = Info.plist; sourceTree = "<group>"; };
/* End PBXFileReference section */

/* Begin PBXFrameworksBuildPhase section */
		E7CC22A81D3030A6009B07A2 /* Frameworks */ = {
			isa = PBXFrameworksBuildPhase;
			buildActionMask = 2147483647;
			files = (
			);
			runOnlyForDeploymentPostprocessing = 0;
		};
/* End PBXFrameworksBuildPhase section */

/* Begin PBXGroup section */
		E7CC22A21D3030A6009B07A2 = {
			isa = PBXGroup;
			children = (
				E7CC22AD1D3030A6009B07A2 /* AudioRecording */,
				E7CC22AC1D3030A6009B07A2 /* Products */,
			);
			sourceTree = "<group>";
		};
		E7CC22AC1D3030A6009B07A2 /* Products */ = {
			isa = PBXGroup;
			children = (
				E7CC22AB1D3030A6009B07A2 /* AudioRecording.app */,
			);
			name = Products;
			sourceTree = "<group>";
		};
		E7CC22AD1D3030A6009B07A2 /* AudioRecording */ = {
			isa = PBXGroup;
			children = (
				E7CC22AE1D3030A6009B07A2 /* AppDelegate.swift */,
				E7CC22B01D3030A6009B07A2 /* ViewController.swift */,
				E7CC22B21D3030A6009B07A2 /* Main.storyboard */,
				E7CC22B51D3030A6009B07A2 /* Assets.xcassets */,
				E7CC22B71D3030A6009B07A2 /* LaunchScreen.storyboard */,
				E7CC22BA1D3030A6009B07A2 /* Info.plist */,
			);
			path = AudioRecording;
			sourceTree = "<group>";
		};
/* End PBXGroup section */

/* Begin PBXNativeTarget section */
		E7CC22AA1D3030A6009B07A2 /* AudioRecording */ = {
			isa = PBXNativeTarget;
			buildConfigurationList = E7CC22BD1D3030A6009B07A2 /* Build configuration list for PBXNativeTarget "AudioRecording" */;
			buildPhases = (
				E7CC22A71D3030A6009B07A2 /* Sources */,
				E7CC22A81D3030A6009B07A2 /* Frameworks */,
				E7CC22A91D3030A6009B07A2 /* Resources */,
			);
			buildRules = (
			);
			dependencies = (
			);
			name = AudioRecording;
			productName = AudioRecording;
			productReference = E7CC22AB1D3030A6009B07A2 /* AudioRecording.app */;
			productType = "com.apple.product-type.application";
		};
/* End PBXNativeTarget section */

/* Begin PBXProject section */
		E7CC22A31D3030A6009B07A2 /* Project object */ = {
			isa = PBXProject;
			attributes = {
				LastSwiftUpdateCheck = 0730;
				LastUpgradeCheck = 0730;
				ORGANIZATIONNAME = Jammers;
				TargetAttributes = {
					E7CC22AA1D3030A6009B07A2 = {
						CreatedOnToolsVersion = 7.3.1;
					};
				};
			};
			buildConfigurationList = E7CC22A61D3030A6009B07A2 /* Build configuration list for PBXProject "AudioRecording" */;
			compatibilityVersion = "Xcode 3.2";
			developmentRegion = English;
			hasScannedForEncodings = 0;
			knownRegions = (
				en,
				Base,
			);
			mainGroup = E7CC22A21D3030A6009B07A2;
			productRefGroup = E7CC22AC1D3030A6009B07A2 /* Products */;
			projectDirPath = "";
			projectRoot = "";
			targets = (
				E7CC22AA1D3030A6009B07A2 /* AudioRecording */,
			);
		};
/* End PBXProject section */

/* Begin PBXResourcesBuildPhase section */
		E7CC22A91D3030A6009B07A2 /* Resources */ = {
			isa = PBXResourcesBuildPhase;
			buildActionMask = 2147483647;
			files = (
				E7CC22B91D3030A6009B07A2 /* LaunchScreen.storyboard in Resources */,
				E7CC22B61D3030A6009B07A2 /* Assets.xcassets in Resources */,
				E7CC22B41D3030A6009B07A2 /* Main.storyboard in Resources */,
			);
			runOnlyForDeploymentPostprocessing = 0;
		};
/* End PBXResourcesBuildPhase section */

/* Begin PBXSourcesBuildPhase section */
		E7CC22A71D3030A6009B07A2 /* Sources */ = {
			isa = PBXSourcesBuildPhase;
			buildActionMask = 2147483647;
			files = (
				E7CC22B11D3030A6009B07A2 /* ViewController.swift in Sources */,
				E7CC22AF1D3030A6009B07A2 /* AppDelegate.swift in Sources */,
			);
			runOnlyForDeploymentPostprocessing = 0;
		};
/* End PBXSourcesBuildPhase section */

/* Begin PBXVariantGroup section */
		E7CC22B21D3030A6009B07A2 /* Main.storyboard */ = {
			isa = PBXVariantGroup;
			children = (
				E7CC22B31D3030A6009B07A2 /* Base */,
			);
			name = Main.storyboard;
			sourceTree = "<group>";
		};
		E7CC22B71D3030A6009B07A2 /* LaunchScreen.storyboard */ = {
			isa = PBXVariantGroup;
			children = (
				E7CC22B81D3030A6009B07A2 /* Base */,
			);
			name = LaunchScreen.storyboard;
			sourceTree = "<group>";
		};
/* End PBXVariantGroup section */

/* Begin XCBuildConfiguration section */
		E7CC22BB1D3030A6009B07A2 /* Debug */ = {
			isa = XCBuildConfiguration;
			buildSettings = {
				ALWAYS_SEARCH_USER_PATHS = NO;
				CLANG_ANALYZER_NONNULL = YES;
				CLANG_CXX_LANGUAGE_STANDARD = "gnu++0x";
				CLANG_CXX_LIBRARY = "libc++";
				CLANG_ENABLE_MODULES = YES;
				CLANG_ENABLE_OBJC_ARC = YES;
				CLANG_WARN_BOOL_CONVERSION = YES;
				CLANG_WARN_CONSTANT_CONVERSION = YES;
				CLANG_WARN_DIRECT_OBJC_ISA_USAGE = YES_ERROR;
				CLANG_WARN_EMPTY_BODY = YES;
				CLANG_WARN_ENUM_CONVERSION = YES;
				CLANG_WARN_INT_CONVERSION = YES;
				CLANG_WARN_OBJC_ROOT_CLASS = YES_ERROR;
				CLANG_WARN_UNREACHABLE_CODE = YES;
				CLANG_WARN__DUPLICATE_METHOD_MATCH = YES;
				"CODE_SIGN_IDENTITY[sdk=iphoneos*]" = "iPhone Developer";
				COPY_PHASE_STRIP = NO;
				DEBUG_INFORMATION_FORMAT = dwarf;
				ENABLE_STRICT_OBJC_MSGSEND = YES;
				ENABLE_TESTABILITY = YES;
				GCC_C_LANGUAGE_STANDARD = gnu99;
				GCC_DYNAMIC_NO_PIC = NO;
				GCC_NO_COMMON_BLOCKS = YES;
				GCC_OPTIMIZATION_LEVEL = 0;
				GCC_PREPROCESSOR_DEFINITIONS = (
					"DEBUG=1",
					"$(inherited)",
				);
				GCC_WARN_64_TO_32_BIT_CONVERSION = YES;
				GCC_WARN_ABOUT_RETURN_TYPE = YES_ERROR;
				GCC_WARN_UNDECLARED_SELECTOR = YES;
				GCC_WARN_UNINITIALIZED_AUTOS = YES_AGGRESSIVE;
				GCC_WARN_UNUSED_FUNCTION = YES;
				GCC_WARN_UNUSED_VARIABLE = YES;
				IPHONEOS_DEPLOYMENT_TARGET = 9.3;
				MTL_ENABLE_DEBUG_INFO = YES;
				ONLY_ACTIVE_ARCH = YES;
				SDKROOT = iphoneos;
				SWIFT_OPTIMIZATION_LEVEL = "-Onone";
			};
			name = Debug;
		};
		E7CC22BC1D3030A6009B07A2 /* Release */ = {
			isa = XCBuildConfiguration;
			buildSettings = {
				ALWAYS_SEARCH_USER_PATHS = NO;
				CLANG_ANALYZER_NONNULL = YES;
				CLANG_CXX_LANGUAGE_STANDARD = "gnu++0x";
				CLANG_CXX_LIBRARY = "libc++";
				CLANG_ENABLE_MODULES = YES;
				CLANG_ENABLE_OBJC_ARC = YES;
				CLANG_WARN_BOOL_CONVERSION = YES;
				CLANG_WARN_CONSTANT_CONVERSION = YES;
				CLANG_WARN_DIRECT_OBJC_ISA_USAGE = YES_ERROR;
				CLANG_WARN_EMPTY_BODY = YES;
				CLANG_WARN_ENUM_CONVERSION = YES;
				CLANG_WARN_INT_CONVERSION = YES;
				CLANG_WARN_OBJC_ROOT_CLASS = YES_ERROR;
				CLANG_WARN_UNREACHABLE_CODE = YES;
				CLANG_WARN__DUPLICATE_METHOD_MATCH = YES;
				"CODE_SIGN_IDENTITY[sdk=iphoneos*]" = "iPhone Developer";
				COPY_PHASE_STRIP = NO;
				DEBUG_INFORMATION_FORMAT = "dwarf-with-dsym";
				ENABLE_NS_ASSERTIONS = NO;
				ENABLE_STRICT_OBJC_MSGSEND = YES;
				GCC_C_LANGUAGE_STANDARD = gnu99;
				GCC_NO_COMMON_BLOCKS = YES;
				GCC_WARN_64_TO_32_BIT_CONVERSION = YES;
				GCC_WARN_ABOUT_RETURN_TYPE = YES_ERROR;
				GCC_WARN_UNDECLARED_SELECTOR = YES;
				GCC_WARN_UNINITIALIZED_AUTOS = YES_AGGRESSIVE;
				GCC_WARN_UNUSED_FUNCTION = YES;
				GCC_WARN_UNUSED_VARIABLE = YES;
				IPHONEOS_DEPLOYMENT_TARGET = 9.3;
				MTL_ENABLE_DEBUG_INFO = NO;
				SDKROOT = iphoneos;
				VALIDATE_PRODUCT = YES;
			};
			name = Release;
		};
		E7CC22BE1D3030A6009B07A2 /* Debug */ = {
			isa = XCBuildConfiguration;
			buildSettings = {
				ASSETCATALOG_COMPILER_APPICON_NAME = AppIcon;
				INFOPLIST_FILE = AudioRecording/Info.plist;
				LD_RUNPATH_SEARCH_PATHS = "$(inherited) @executable_path/Frameworks";
				PRODUCT_BUNDLE_IDENTIFIER = com.Jammers.AudioRecording;
				PRODUCT_NAME = "$(TARGET_NAME)";
			};
			name = Debug;
		};
		E7CC22BF1D3030A6009B07A2 /* Release */ = {
			isa = XCBuildConfiguration;
			buildSettings = {
				ASSETCATALOG_COMPILER_APPICON_NAME = AppIcon;
				INFOPLIST_FILE = AudioRecording/Info.plist;
				LD_RUNPATH_SEARCH_PATHS = "$(inherited) @executable_path/Frameworks";
				PRODUCT_BUNDLE_IDENTIFIER = com.Jammers.AudioRecording;
				PRODUCT_NAME = "$(TARGET_NAME)";
			};
			name = Release;
		};
/* End XCBuildConfiguration section */

/* Begin XCConfigurationList section */
		E7CC22A61D3030A6009B07A2 /* Build configuration list for PBXProject "AudioRecording" */ = {
			isa = XCConfigurationList;
			buildConfigurations = (
				E7CC22BB1D3030A6009B07A2 /* Debug */,
				E7CC22BC1D3030A6009B07A2 /* Release */,
			);
			defaultConfigurationIsVisible = 0;
			defaultConfigurationName = Release;
		};
		E7CC22BD1D3030A6009B07A2 /* Build configuration list for PBXNativeTarget "AudioRecording" */ = {
			isa = XCConfigurationList;
			buildConfigurations = (
				E7CC22BE1D3030A6009B07A2 /* Debug */,
				E7CC22BF1D3030A6009B07A2 /* Release */,
			);
			defaultConfigurationIsVisible = 0;
		};
/* End XCConfigurationList section */
	};
	rootObject = E7CC22A31D3030A6009B07A2 /* Project object */;
}
