// !$*UTF8*$!
{
	archiveVersion = 1;
	classes = {
	};
	objectVersion = 46;
	objects = {

/* Begin PBXBuildFile section */
		213089AD1D4154CF0030D099 /* InstrumentCell.swift in Sources */ = {isa = PBXBuildFile; fileRef = 213089AC1D4154CF0030D099 /* InstrumentCell.swift */; };
		213089B11D41594A0030D099 /* UserCollectionDelegate.swift in Sources */ = {isa = PBXBuildFile; fileRef = 213089B01D41594A0030D099 /* UserCollectionDelegate.swift */; };
		213089B31D415AB00030D099 /* InstrumentCollectionDelegate.swift in Sources */ = {isa = PBXBuildFile; fileRef = 213089B21D415AB00030D099 /* InstrumentCollectionDelegate.swift */; };
		219AEAA41D403E39008DC61B /* jamNames.txt in Resources */ = {isa = PBXBuildFile; fileRef = 219AEAA31D403E39008DC61B /* jamNames.txt */; };
		8C20F5F21D38F37800622892 /* SelectionView.swift in Sources */ = {isa = PBXBuildFile; fileRef = 8C20F5F11D38F37800622892 /* SelectionView.swift */; };
		8C9D0FEC1D3D602C00380680 /* Instrument.swift in Sources */ = {isa = PBXBuildFile; fileRef = 8C9D0FEB1D3D602C00380680 /* Instrument.swift */; };
		B478B30C21015976D36752E7 /* Pods_JamChat.framework in Frameworks */ = {isa = PBXBuildFile; fileRef = EB46293530A6261983676B0D /* Pods_JamChat.framework */; };
		E717EC161D2ED34500AC812B /* User.swift in Sources */ = {isa = PBXBuildFile; fileRef = E717EC151D2ED34500AC812B /* User.swift */; };
		E723F2BD1D400B8300CF1C29 /* Vintage Strat.exs in Resources */ = {isa = PBXBuildFile; fileRef = E723F2BC1D400B6B00CF1C29 /* Vintage Strat.exs */; };
		E723F2C41D40115700CF1C29 /* ChoirC.wav in Resources */ = {isa = PBXBuildFile; fileRef = E723F2BF1D40115700CF1C29 /* ChoirC.wav */; };
		E723F2C51D40115700CF1C29 /* ElectricBassC.wav in Resources */ = {isa = PBXBuildFile; fileRef = E723F2C01D40115700CF1C29 /* ElectricBassC.wav */; };
		E723F2C61D40115700CF1C29 /* PianoC.wav in Resources */ = {isa = PBXBuildFile; fileRef = E723F2C11D40115700CF1C29 /* PianoC.wav */; };
		E723F2C71D40115700CF1C29 /* RockGuitarC.wav in Resources */ = {isa = PBXBuildFile; fileRef = E723F2C21D40115700CF1C29 /* RockGuitarC.wav */; };
		E723F2C81D40115700CF1C29 /* SaxC.wav in Resources */ = {isa = PBXBuildFile; fileRef = E723F2C31D40115700CF1C29 /* SaxC.wav */; };
		E723F2CA1D40116100CF1C29 /* AcousticBassC.wav in Resources */ = {isa = PBXBuildFile; fileRef = E723F2C91D40116100CF1C29 /* AcousticBassC.wav */; };
		E74F1DF61D3869DB00A34409 /* JamViewController.swift in Sources */ = {isa = PBXBuildFile; fileRef = E74F1DF41D3869DB00A34409 /* JamViewController.swift */; };
		E74F1DFA1D386A2E00A34409 /* JamHistoryViewController.swift in Sources */ = {isa = PBXBuildFile; fileRef = E74F1DF81D386A2E00A34409 /* JamHistoryViewController.swift */; };
		E74F1E031D3C06B800A34409 /* Jam.storyboard in Resources */ = {isa = PBXBuildFile; fileRef = E74F1E011D3C06B800A34409 /* Jam.storyboard */; };
		E756A8741D2D7E74007C0590 /* AppDelegate.swift in Sources */ = {isa = PBXBuildFile; fileRef = E756A8731D2D7E74007C0590 /* AppDelegate.swift */; };
		E756A8791D2D7E74007C0590 /* Main.storyboard in Resources */ = {isa = PBXBuildFile; fileRef = E756A8771D2D7E74007C0590 /* Main.storyboard */; };
		E756A87B1D2D7E74007C0590 /* Assets.xcassets in Resources */ = {isa = PBXBuildFile; fileRef = E756A87A1D2D7E74007C0590 /* Assets.xcassets */; };
		E756A87E1D2D7E74007C0590 /* LaunchScreen.storyboard in Resources */ = {isa = PBXBuildFile; fileRef = E756A87C1D2D7E74007C0590 /* LaunchScreen.storyboard */; };
		E79956741D316E9D00EE445B /* AKAudioFile+ConvenienceInitializers.swift in Sources */ = {isa = PBXBuildFile; fileRef = E79956701D316E9D00EE445B /* AKAudioFile+ConvenienceInitializers.swift */; };
		E79956751D316E9D00EE445B /* AKAudioFile+Exporting.swift in Sources */ = {isa = PBXBuildFile; fileRef = E79956711D316E9D00EE445B /* AKAudioFile+Exporting.swift */; };
		E79956761D316E9D00EE445B /* AKAudioFile+Processing.swift in Sources */ = {isa = PBXBuildFile; fileRef = E79956721D316E9D00EE445B /* AKAudioFile+Processing.swift */; };
		E79956771D316E9D00EE445B /* AKAudioFile.swift in Sources */ = {isa = PBXBuildFile; fileRef = E79956731D316E9D00EE445B /* AKAudioFile.swift */; };
		E79956791D316EA500EE445B /* AKNodeRecorder.swift in Sources */ = {isa = PBXBuildFile; fileRef = E79956781D316EA500EE445B /* AKNodeRecorder.swift */; };
		E799567B1D31744500EE445B /* Message.swift in Sources */ = {isa = PBXBuildFile; fileRef = E799567A1D31744500EE445B /* Message.swift */; };
		E799567D1D31746300EE445B /* Jam.swift in Sources */ = {isa = PBXBuildFile; fileRef = E799567C1D31746300EE445B /* Jam.swift */; };
		E799567F1D31749F00EE445B /* Track.swift in Sources */ = {isa = PBXBuildFile; fileRef = E799567E1D31749F00EE445B /* Track.swift */; };
		E79AE2051D3D50F400899823 /* Profile.storyboard in Resources */ = {isa = PBXBuildFile; fileRef = E79AE2031D3D50F400899823 /* Profile.storyboard */; };
		E7E0D6981D3C0DCB005A840A /* UserCell.swift in Sources */ = {isa = PBXBuildFile; fileRef = E7E0D6971D3C0DCB005A840A /* UserCell.swift */; };
		E7F0BB3E1D3D61550059160B /* PagerViewController.swift in Sources */ = {isa = PBXBuildFile; fileRef = E7F0BB3D1D3D61550059160B /* PagerViewController.swift */; };
		E7F0BB471D3D67110059160B /* Home.storyboard in Resources */ = {isa = PBXBuildFile; fileRef = E7F0BB451D3D67110059160B /* Home.storyboard */; };
		E7F0BB491D3D67B80059160B /* JamCreation.storyboard in Resources */ = {isa = PBXBuildFile; fileRef = E7F0BB481D3D67B80059160B /* JamCreation.storyboard */; };
		E7F0BB4B1D3D6C300059160B /* ProfileViewController.swift in Sources */ = {isa = PBXBuildFile; fileRef = E7F0BB4A1D3D6C300059160B /* ProfileViewController.swift */; };
		E7F0BB4D1D3D6CE90059160B /* HomeNavigationController.swift in Sources */ = {isa = PBXBuildFile; fileRef = E7F0BB4C1D3D6CE90059160B /* HomeNavigationController.swift */; };
		E7F0BB561D3EA5070059160B /* PolyphonicKeyboardView.swift in Sources */ = {isa = PBXBuildFile; fileRef = E7F0BB541D3EA5070059160B /* PolyphonicKeyboardView.swift */; };
		E7F0BB591D3ECA470059160B /* KeyboardViewController.swift in Sources */ = {isa = PBXBuildFile; fileRef = E7F0BB571D3ECA470059160B /* KeyboardViewController.swift */; };
		E7FE0FE61D356E2100452361 /* JamCell.swift in Sources */ = {isa = PBXBuildFile; fileRef = E7FE0FE51D356E2100452361 /* JamCell.swift */; };
		E7FE0FE81D35706A00452361 /* HomeViewController.swift in Sources */ = {isa = PBXBuildFile; fileRef = E7FE0FE71D35706A00452361 /* HomeViewController.swift */; };
		E7FE0FEF1D357C6C00452361 /* JamCreationViewController.swift in Sources */ = {isa = PBXBuildFile; fileRef = E7FE0FED1D357C6C00452361 /* JamCreationViewController.swift */; };
		E7FE0FFD1D359F4100452361 /* MessageCell.swift in Sources */ = {isa = PBXBuildFile; fileRef = E7FE0FFC1D359F4100452361 /* MessageCell.swift */; };
/* End PBXBuildFile section */

/* Begin PBXFileReference section */
		06DC7EFB1EBB19B0747B99B1 /* Pods-JamChat.release.xcconfig */ = {isa = PBXFileReference; includeInIndex = 1; lastKnownFileType = text.xcconfig; name = "Pods-JamChat.release.xcconfig"; path = "Pods/Target Support Files/Pods-JamChat/Pods-JamChat.release.xcconfig"; sourceTree = "<group>"; };
		213089AC1D4154CF0030D099 /* InstrumentCell.swift */ = {isa = PBXFileReference; fileEncoding = 4; lastKnownFileType = sourcecode.swift; path = InstrumentCell.swift; sourceTree = "<group>"; };
		213089B01D41594A0030D099 /* UserCollectionDelegate.swift */ = {isa = PBXFileReference; fileEncoding = 4; lastKnownFileType = sourcecode.swift; path = UserCollectionDelegate.swift; sourceTree = "<group>"; };
		213089B21D415AB00030D099 /* InstrumentCollectionDelegate.swift */ = {isa = PBXFileReference; fileEncoding = 4; lastKnownFileType = sourcecode.swift; path = InstrumentCollectionDelegate.swift; sourceTree = "<group>"; };
		219AEAA31D403E39008DC61B /* jamNames.txt */ = {isa = PBXFileReference; fileEncoding = 4; lastKnownFileType = text; path = jamNames.txt; sourceTree = "<group>"; };
		7F275E1B8FE709C2BCDCFD4D /* Pods-JamChat.debug.xcconfig */ = {isa = PBXFileReference; includeInIndex = 1; lastKnownFileType = text.xcconfig; name = "Pods-JamChat.debug.xcconfig"; path = "Pods/Target Support Files/Pods-JamChat/Pods-JamChat.debug.xcconfig"; sourceTree = "<group>"; };
		8C20F5F11D38F37800622892 /* SelectionView.swift */ = {isa = PBXFileReference; fileEncoding = 4; lastKnownFileType = sourcecode.swift; path = SelectionView.swift; sourceTree = "<group>"; };
		8C9D0FEB1D3D602C00380680 /* Instrument.swift */ = {isa = PBXFileReference; fileEncoding = 4; lastKnownFileType = sourcecode.swift; path = Instrument.swift; sourceTree = "<group>"; };
		E717EC151D2ED34500AC812B /* User.swift */ = {isa = PBXFileReference; fileEncoding = 4; lastKnownFileType = sourcecode.swift; path = User.swift; sourceTree = "<group>"; };
		E723F2BC1D400B6B00CF1C29 /* Vintage Strat.exs */ = {isa = PBXFileReference; lastKnownFileType = file; path = "Vintage Strat.exs"; sourceTree = "<group>"; };
		E723F2BF1D40115700CF1C29 /* ChoirC.wav */ = {isa = PBXFileReference; lastKnownFileType = audio.wav; path = ChoirC.wav; sourceTree = "<group>"; };
		E723F2C01D40115700CF1C29 /* ElectricBassC.wav */ = {isa = PBXFileReference; lastKnownFileType = audio.wav; path = ElectricBassC.wav; sourceTree = "<group>"; };
		E723F2C11D40115700CF1C29 /* PianoC.wav */ = {isa = PBXFileReference; lastKnownFileType = audio.wav; path = PianoC.wav; sourceTree = "<group>"; };
		E723F2C21D40115700CF1C29 /* RockGuitarC.wav */ = {isa = PBXFileReference; lastKnownFileType = audio.wav; path = RockGuitarC.wav; sourceTree = "<group>"; };
		E723F2C31D40115700CF1C29 /* SaxC.wav */ = {isa = PBXFileReference; lastKnownFileType = audio.wav; path = SaxC.wav; sourceTree = "<group>"; };
		E723F2C91D40116100CF1C29 /* AcousticBassC.wav */ = {isa = PBXFileReference; lastKnownFileType = audio.wav; path = AcousticBassC.wav; sourceTree = "<group>"; };
		E74F1DF41D3869DB00A34409 /* JamViewController.swift */ = {isa = PBXFileReference; fileEncoding = 4; lastKnownFileType = sourcecode.swift; path = JamViewController.swift; sourceTree = "<group>"; };
		E74F1DF81D386A2E00A34409 /* JamHistoryViewController.swift */ = {isa = PBXFileReference; fileEncoding = 4; lastKnownFileType = sourcecode.swift; path = JamHistoryViewController.swift; sourceTree = "<group>"; };
		E74F1E021D3C06B800A34409 /* Base */ = {isa = PBXFileReference; lastKnownFileType = file.storyboard; name = Base; path = Base.lproj/Jam.storyboard; sourceTree = "<group>"; };
		E756A8701D2D7E74007C0590 /* JamChat.app */ = {isa = PBXFileReference; explicitFileType = wrapper.application; includeInIndex = 0; path = JamChat.app; sourceTree = BUILT_PRODUCTS_DIR; };
		E756A8731D2D7E74007C0590 /* AppDelegate.swift */ = {isa = PBXFileReference; lastKnownFileType = sourcecode.swift; path = AppDelegate.swift; sourceTree = "<group>"; };
		E756A8781D2D7E74007C0590 /* Base */ = {isa = PBXFileReference; lastKnownFileType = file.storyboard; name = Base; path = Base.lproj/Main.storyboard; sourceTree = "<group>"; };
		E756A87A1D2D7E74007C0590 /* Assets.xcassets */ = {isa = PBXFileReference; lastKnownFileType = folder.assetcatalog; path = Assets.xcassets; sourceTree = "<group>"; };
		E756A87D1D2D7E74007C0590 /* Base */ = {isa = PBXFileReference; lastKnownFileType = file.storyboard; name = Base; path = Base.lproj/LaunchScreen.storyboard; sourceTree = "<group>"; };
		E756A87F1D2D7E74007C0590 /* Info.plist */ = {isa = PBXFileReference; lastKnownFileType = text.plist.xml; path = Info.plist; sourceTree = "<group>"; };
		E79956701D316E9D00EE445B /* AKAudioFile+ConvenienceInitializers.swift */ = {isa = PBXFileReference; fileEncoding = 4; lastKnownFileType = sourcecode.swift; path = "AKAudioFile+ConvenienceInitializers.swift"; sourceTree = "<group>"; };
		E79956711D316E9D00EE445B /* AKAudioFile+Exporting.swift */ = {isa = PBXFileReference; fileEncoding = 4; lastKnownFileType = sourcecode.swift; path = "AKAudioFile+Exporting.swift"; sourceTree = "<group>"; };
		E79956721D316E9D00EE445B /* AKAudioFile+Processing.swift */ = {isa = PBXFileReference; fileEncoding = 4; lastKnownFileType = sourcecode.swift; path = "AKAudioFile+Processing.swift"; sourceTree = "<group>"; };
		E79956731D316E9D00EE445B /* AKAudioFile.swift */ = {isa = PBXFileReference; fileEncoding = 4; lastKnownFileType = sourcecode.swift; path = AKAudioFile.swift; sourceTree = "<group>"; };
		E79956781D316EA500EE445B /* AKNodeRecorder.swift */ = {isa = PBXFileReference; fileEncoding = 4; lastKnownFileType = sourcecode.swift; name = AKNodeRecorder.swift; path = "Audio File/AKNodeRecorder.swift"; sourceTree = "<group>"; };
		E799567A1D31744500EE445B /* Message.swift */ = {isa = PBXFileReference; fileEncoding = 4; lastKnownFileType = sourcecode.swift; path = Message.swift; sourceTree = "<group>"; };
		E799567C1D31746300EE445B /* Jam.swift */ = {isa = PBXFileReference; fileEncoding = 4; lastKnownFileType = sourcecode.swift; path = Jam.swift; sourceTree = "<group>"; };
		E799567E1D31749F00EE445B /* Track.swift */ = {isa = PBXFileReference; fileEncoding = 4; lastKnownFileType = sourcecode.swift; path = Track.swift; sourceTree = "<group>"; };
		E79AE2041D3D50F400899823 /* Base */ = {isa = PBXFileReference; lastKnownFileType = file.storyboard; name = Base; path = Base.lproj/Profile.storyboard; sourceTree = "<group>"; };
		E7E0D6971D3C0DCB005A840A /* UserCell.swift */ = {isa = PBXFileReference; fileEncoding = 4; lastKnownFileType = sourcecode.swift; path = UserCell.swift; sourceTree = "<group>"; };
		E7F0BB3D1D3D61550059160B /* PagerViewController.swift */ = {isa = PBXFileReference; fileEncoding = 4; lastKnownFileType = sourcecode.swift; path = PagerViewController.swift; sourceTree = "<group>"; };
		E7F0BB461D3D67110059160B /* Base */ = {isa = PBXFileReference; lastKnownFileType = file.storyboard; name = Base; path = Base.lproj/Home.storyboard; sourceTree = "<group>"; };
		E7F0BB481D3D67B80059160B /* JamCreation.storyboard */ = {isa = PBXFileReference; fileEncoding = 4; lastKnownFileType = file.storyboard; path = JamCreation.storyboard; sourceTree = "<group>"; };
		E7F0BB4A1D3D6C300059160B /* ProfileViewController.swift */ = {isa = PBXFileReference; fileEncoding = 4; lastKnownFileType = sourcecode.swift; path = ProfileViewController.swift; sourceTree = "<group>"; };
		E7F0BB4C1D3D6CE90059160B /* HomeNavigationController.swift */ = {isa = PBXFileReference; fileEncoding = 4; lastKnownFileType = sourcecode.swift; path = HomeNavigationController.swift; sourceTree = "<group>"; };
		E7F0BB541D3EA5070059160B /* PolyphonicKeyboardView.swift */ = {isa = PBXFileReference; fileEncoding = 4; lastKnownFileType = sourcecode.swift; path = PolyphonicKeyboardView.swift; sourceTree = "<group>"; };
		E7F0BB571D3ECA470059160B /* KeyboardViewController.swift */ = {isa = PBXFileReference; fileEncoding = 4; lastKnownFileType = sourcecode.swift; path = KeyboardViewController.swift; sourceTree = "<group>"; };
		E7FE0FE51D356E2100452361 /* JamCell.swift */ = {isa = PBXFileReference; fileEncoding = 4; lastKnownFileType = sourcecode.swift; path = JamCell.swift; sourceTree = "<group>"; };
		E7FE0FE71D35706A00452361 /* HomeViewController.swift */ = {isa = PBXFileReference; fileEncoding = 4; lastKnownFileType = sourcecode.swift; path = HomeViewController.swift; sourceTree = "<group>"; };
		E7FE0FED1D357C6C00452361 /* JamCreationViewController.swift */ = {isa = PBXFileReference; fileEncoding = 4; lastKnownFileType = sourcecode.swift; path = JamCreationViewController.swift; sourceTree = "<group>"; };
		E7FE0FFC1D359F4100452361 /* MessageCell.swift */ = {isa = PBXFileReference; fileEncoding = 4; lastKnownFileType = sourcecode.swift; path = MessageCell.swift; sourceTree = "<group>"; };
		EB46293530A6261983676B0D /* Pods_JamChat.framework */ = {isa = PBXFileReference; explicitFileType = wrapper.framework; includeInIndex = 0; path = Pods_JamChat.framework; sourceTree = BUILT_PRODUCTS_DIR; };
/* End PBXFileReference section */

/* Begin PBXFrameworksBuildPhase section */
		E756A86D1D2D7E74007C0590 /* Frameworks */ = {
			isa = PBXFrameworksBuildPhase;
			buildActionMask = 2147483647;
			files = (
				B478B30C21015976D36752E7 /* Pods_JamChat.framework in Frameworks */,
			);
			runOnlyForDeploymentPostprocessing = 0;
		};
/* End PBXFrameworksBuildPhase section */

/* Begin PBXGroup section */
		49EEAABBFF989D0DC4BBBFC4 /* Frameworks */ = {
			isa = PBXGroup;
			children = (
				EB46293530A6261983676B0D /* Pods_JamChat.framework */,
			);
			name = Frameworks;
			sourceTree = "<group>";
		};
		ADB320D560FF361DF46D00EF /* Pods */ = {
			isa = PBXGroup;
			children = (
				7F275E1B8FE709C2BCDCFD4D /* Pods-JamChat.debug.xcconfig */,
				06DC7EFB1EBB19B0747B99B1 /* Pods-JamChat.release.xcconfig */,
			);
			name = Pods;
			sourceTree = "<group>";
		};
		E717EC141D2ED32F00AC812B /* Models */ = {
			isa = PBXGroup;
			children = (
				8C9D0FEB1D3D602C00380680 /* Instrument.swift */,
				E717EC151D2ED34500AC812B /* User.swift */,
				E799567C1D31746300EE445B /* Jam.swift */,
				E799567A1D31744500EE445B /* Message.swift */,
				E799567E1D31749F00EE445B /* Track.swift */,
			);
			name = Models;
			sourceTree = "<group>";
		};
		E74F1DF01D38162500A34409 /* Instruments */ = {
			isa = PBXGroup;
			children = (
				E7F0BB541D3EA5070059160B /* PolyphonicKeyboardView.swift */,
				8C20F5F11D38F37800622892 /* SelectionView.swift */,
			);
			name = Instruments;
			sourceTree = "<group>";
		};
		E74F1DF11D38163900A34409 /* Cells */ = {
			isa = PBXGroup;
			children = (
				E7FE0FE51D356E2100452361 /* JamCell.swift */,
				E7FE0FFC1D359F4100452361 /* MessageCell.swift */,
				E7E0D6971D3C0DCB005A840A /* UserCell.swift */,
				213089AC1D4154CF0030D099 /* InstrumentCell.swift */,
			);
			name = Cells;
			sourceTree = "<group>";
		};
		E756A8671D2D7E74007C0590 = {
			isa = PBXGroup;
			children = (
				E756A8721D2D7E74007C0590 /* JamChat */,
				E756A8711D2D7E74007C0590 /* Products */,
				ADB320D560FF361DF46D00EF /* Pods */,
				49EEAABBFF989D0DC4BBBFC4 /* Frameworks */,
			);
			sourceTree = "<group>";
		};
		E756A8711D2D7E74007C0590 /* Products */ = {
			isa = PBXGroup;
			children = (
				E756A8701D2D7E74007C0590 /* JamChat.app */,
			);
			name = Products;
			sourceTree = "<group>";
		};
		E756A8721D2D7E74007C0590 /* JamChat */ = {
			isa = PBXGroup;
			children = (
				E717EC141D2ED32F00AC812B /* Models */,
				E7FE0FE21D356D9B00452361 /* Views */,
				E7FE0FF41D359CA400452361 /* Controllers */,
				E756A8731D2D7E74007C0590 /* AppDelegate.swift */,
				E756A87A1D2D7E74007C0590 /* Assets.xcassets */,
				E756A87F1D2D7E74007C0590 /* Info.plist */,
				E7FE0FF51D359CB000452361 /* Resources */,
				E799566E1D316E5700EE445B /* AudioKit-fixed */,
			);
			path = JamChat;
			sourceTree = "<group>";
		};
		E799566E1D316E5700EE445B /* AudioKit-fixed */ = {
			isa = PBXGroup;
			children = (
				E79956781D316EA500EE445B /* AKNodeRecorder.swift */,
				E799566F1D316E9D00EE445B /* Audio File */,
			);
			name = "AudioKit-fixed";
			sourceTree = "<group>";
		};
		E799566F1D316E9D00EE445B /* Audio File */ = {
			isa = PBXGroup;
			children = (
				E79956701D316E9D00EE445B /* AKAudioFile+ConvenienceInitializers.swift */,
				E79956711D316E9D00EE445B /* AKAudioFile+Exporting.swift */,
				E79956721D316E9D00EE445B /* AKAudioFile+Processing.swift */,
				E79956731D316E9D00EE445B /* AKAudioFile.swift */,
			);
			path = "Audio File";
			sourceTree = "<group>";
		};
		E7F0BB501D3D7D0B0059160B /* Jam */ = {
			isa = PBXGroup;
			children = (
				E74F1DF81D386A2E00A34409 /* JamHistoryViewController.swift */,
				E74F1DF41D3869DB00A34409 /* JamViewController.swift */,
				E7F0BB571D3ECA470059160B /* KeyboardViewController.swift */,
			);
			name = Jam;
			sourceTree = "<group>";
		};
		E7FE0FE21D356D9B00452361 /* Views */ = {
			isa = PBXGroup;
			children = (
				E756A87C1D2D7E74007C0590 /* LaunchScreen.storyboard */,
				E756A8771D2D7E74007C0590 /* Main.storyboard */,
				E7F0BB481D3D67B80059160B /* JamCreation.storyboard */,
				E7F0BB451D3D67110059160B /* Home.storyboard */,
				E79AE2031D3D50F400899823 /* Profile.storyboard */,
				E74F1E011D3C06B800A34409 /* Jam.storyboard */,
				E74F1DF11D38163900A34409 /* Cells */,
				E74F1DF01D38162500A34409 /* Instruments */,
			);
			name = Views;
			sourceTree = "<group>";
		};
		E7FE0FF41D359CA400452361 /* Controllers */ = {
			isa = PBXGroup;
			children = (
				E7F0BB501D3D7D0B0059160B /* Jam */,
				E7FE0FE71D35706A00452361 /* HomeViewController.swift */,
				E7FE0FED1D357C6C00452361 /* JamCreationViewController.swift */,
				E7F0BB3D1D3D61550059160B /* PagerViewController.swift */,
				E7F0BB4A1D3D6C300059160B /* ProfileViewController.swift */,
				E7F0BB4C1D3D6CE90059160B /* HomeNavigationController.swift */,
				219AEAA31D403E39008DC61B /* jamNames.txt */,
				213089B01D41594A0030D099 /* UserCollectionDelegate.swift */,
				213089B21D415AB00030D099 /* InstrumentCollectionDelegate.swift */,
			);
			name = Controllers;
			sourceTree = "<group>";
		};
		E7FE0FF51D359CB000452361 /* Resources */ = {
			isa = PBXGroup;
			children = (
				E723F2C91D40116100CF1C29 /* AcousticBassC.wav */,
				E723F2BF1D40115700CF1C29 /* ChoirC.wav */,
				E723F2C01D40115700CF1C29 /* ElectricBassC.wav */,
				E723F2C11D40115700CF1C29 /* PianoC.wav */,
				E723F2C21D40115700CF1C29 /* RockGuitarC.wav */,
				E723F2C31D40115700CF1C29 /* SaxC.wav */,
				E723F2BC1D400B6B00CF1C29 /* Vintage Strat.exs */,
			);
			name = Resources;
			sourceTree = "<group>";
		};
/* End PBXGroup section */

/* Begin PBXNativeTarget section */
		E756A86F1D2D7E74007C0590 /* JamChat */ = {
			isa = PBXNativeTarget;
			buildConfigurationList = E756A8821D2D7E74007C0590 /* Build configuration list for PBXNativeTarget "JamChat" */;
			buildPhases = (
				7DFE3F8F16642BBED423FD09 /* [CP] Check Pods Manifest.lock */,
				E756A86C1D2D7E74007C0590 /* Sources */,
				E756A86D1D2D7E74007C0590 /* Frameworks */,
				E756A86E1D2D7E74007C0590 /* Resources */,
				45293C8AB178039F57B16F61 /* [CP] Embed Pods Frameworks */,
				2D84D259A8479CE5021A50CC /* [CP] Copy Pods Resources */,
			);
			buildRules = (
			);
			dependencies = (
			);
			name = JamChat;
			productName = JamChat;
			productReference = E756A8701D2D7E74007C0590 /* JamChat.app */;
			productType = "com.apple.product-type.application";
		};
/* End PBXNativeTarget section */

/* Begin PBXProject section */
		E756A8681D2D7E74007C0590 /* Project object */ = {
			isa = PBXProject;
			attributes = {
				LastSwiftUpdateCheck = 0730;
				LastUpgradeCheck = 0730;
				ORGANIZATIONNAME = Jammers;
				TargetAttributes = {
					E756A86F1D2D7E74007C0590 = {
						CreatedOnToolsVersion = 7.3.1;
						SystemCapabilities = {
							com.apple.Push = {
								enabled = 0;
							};
						};
					};
				};
			};
			buildConfigurationList = E756A86B1D2D7E74007C0590 /* Build configuration list for PBXProject "JamChat" */;
			compatibilityVersion = "Xcode 3.2";
			developmentRegion = English;
			hasScannedForEncodings = 0;
			knownRegions = (
				en,
				Base,
			);
			mainGroup = E756A8671D2D7E74007C0590;
			productRefGroup = E756A8711D2D7E74007C0590 /* Products */;
			projectDirPath = "";
			projectRoot = "";
			targets = (
				E756A86F1D2D7E74007C0590 /* JamChat */,
			);
		};
/* End PBXProject section */

/* Begin PBXResourcesBuildPhase section */
		E756A86E1D2D7E74007C0590 /* Resources */ = {
			isa = PBXResourcesBuildPhase;
			buildActionMask = 2147483647;
			files = (
				E723F2BD1D400B8300CF1C29 /* Vintage Strat.exs in Resources */,
				E723F2C71D40115700CF1C29 /* RockGuitarC.wav in Resources */,
				E756A87E1D2D7E74007C0590 /* LaunchScreen.storyboard in Resources */,
				E723F2C51D40115700CF1C29 /* ElectricBassC.wav in Resources */,
				E7F0BB491D3D67B80059160B /* JamCreation.storyboard in Resources */,
				E756A87B1D2D7E74007C0590 /* Assets.xcassets in Resources */,
				E723F2CA1D40116100CF1C29 /* AcousticBassC.wav in Resources */,
				E723F2C41D40115700CF1C29 /* ChoirC.wav in Resources */,
				E756A8791D2D7E74007C0590 /* Main.storyboard in Resources */,
				E79AE2051D3D50F400899823 /* Profile.storyboard in Resources */,
				E7F0BB471D3D67110059160B /* Home.storyboard in Resources */,
				E74F1E031D3C06B800A34409 /* Jam.storyboard in Resources */,
				219AEAA41D403E39008DC61B /* jamNames.txt in Resources */,
				E723F2C81D40115700CF1C29 /* SaxC.wav in Resources */,
				E723F2C61D40115700CF1C29 /* PianoC.wav in Resources */,
			);
			runOnlyForDeploymentPostprocessing = 0;
		};
/* End PBXResourcesBuildPhase section */

/* Begin PBXShellScriptBuildPhase section */
		2D84D259A8479CE5021A50CC /* [CP] Copy Pods Resources */ = {
			isa = PBXShellScriptBuildPhase;
			buildActionMask = 2147483647;
			files = (
			);
			inputPaths = (
			);
			name = "[CP] Copy Pods Resources";
			outputPaths = (
			);
			runOnlyForDeploymentPostprocessing = 0;
			shellPath = /bin/sh;
			shellScript = "\"${SRCROOT}/Pods/Target Support Files/Pods-JamChat/Pods-JamChat-resources.sh\"\n";
			showEnvVarsInLog = 0;
		};
		45293C8AB178039F57B16F61 /* [CP] Embed Pods Frameworks */ = {
			isa = PBXShellScriptBuildPhase;
			buildActionMask = 2147483647;
			files = (
			);
			inputPaths = (
			);
			name = "[CP] Embed Pods Frameworks";
			outputPaths = (
			);
			runOnlyForDeploymentPostprocessing = 0;
			shellPath = /bin/sh;
			shellScript = "\"${SRCROOT}/Pods/Target Support Files/Pods-JamChat/Pods-JamChat-frameworks.sh\"\n";
			showEnvVarsInLog = 0;
		};
		7DFE3F8F16642BBED423FD09 /* [CP] Check Pods Manifest.lock */ = {
			isa = PBXShellScriptBuildPhase;
			buildActionMask = 2147483647;
			files = (
			);
			inputPaths = (
			);
			name = "[CP] Check Pods Manifest.lock";
			outputPaths = (
			);
			runOnlyForDeploymentPostprocessing = 0;
			shellPath = /bin/sh;
			shellScript = "diff \"${PODS_ROOT}/../Podfile.lock\" \"${PODS_ROOT}/Manifest.lock\" > /dev/null\nif [[ $? != 0 ]] ; then\n    cat << EOM\nerror: The sandbox is not in sync with the Podfile.lock. Run 'pod install' or update your CocoaPods installation.\nEOM\n    exit 1\nfi\n";
			showEnvVarsInLog = 0;
		};
/* End PBXShellScriptBuildPhase section */

/* Begin PBXSourcesBuildPhase section */
		E756A86C1D2D7E74007C0590 /* Sources */ = {
			isa = PBXSourcesBuildPhase;
			buildActionMask = 2147483647;
			files = (
				E79956751D316E9D00EE445B /* AKAudioFile+Exporting.swift in Sources */,
				213089AD1D4154CF0030D099 /* InstrumentCell.swift in Sources */,
				E799567F1D31749F00EE445B /* Track.swift in Sources */,
				E79956771D316E9D00EE445B /* AKAudioFile.swift in Sources */,
				E799567D1D31746300EE445B /* Jam.swift in Sources */,
				E7FE0FE61D356E2100452361 /* JamCell.swift in Sources */,
				E799567B1D31744500EE445B /* Message.swift in Sources */,
				E79956741D316E9D00EE445B /* AKAudioFile+ConvenienceInitializers.swift in Sources */,
				E74F1DF61D3869DB00A34409 /* JamViewController.swift in Sources */,
				8C9D0FEC1D3D602C00380680 /* Instrument.swift in Sources */,
				E79956761D316E9D00EE445B /* AKAudioFile+Processing.swift in Sources */,
				E756A8741D2D7E74007C0590 /* AppDelegate.swift in Sources */,
				E717EC161D2ED34500AC812B /* User.swift in Sources */,
				E7F0BB591D3ECA470059160B /* KeyboardViewController.swift in Sources */,
				E7FE0FE81D35706A00452361 /* HomeViewController.swift in Sources */,
				E7FE0FEF1D357C6C00452361 /* JamCreationViewController.swift in Sources */,
				E7F0BB4B1D3D6C300059160B /* ProfileViewController.swift in Sources */,
				E79956791D316EA500EE445B /* AKNodeRecorder.swift in Sources */,
				213089B11D41594A0030D099 /* UserCollectionDelegate.swift in Sources */,
				E74F1DFA1D386A2E00A34409 /* JamHistoryViewController.swift in Sources */,
				E7FE0FFD1D359F4100452361 /* MessageCell.swift in Sources */,
				8C20F5F21D38F37800622892 /* SelectionView.swift in Sources */,
				E7F0BB3E1D3D61550059160B /* PagerViewController.swift in Sources */,
				213089B31D415AB00030D099 /* InstrumentCollectionDelegate.swift in Sources */,
				E7F0BB4D1D3D6CE90059160B /* HomeNavigationController.swift in Sources */,
				E7F0BB561D3EA5070059160B /* PolyphonicKeyboardView.swift in Sources */,
				E7E0D6981D3C0DCB005A840A /* UserCell.swift in Sources */,
			);
			runOnlyForDeploymentPostprocessing = 0;
		};
/* End PBXSourcesBuildPhase section */

/* Begin PBXVariantGroup section */
		E74F1E011D3C06B800A34409 /* Jam.storyboard */ = {
			isa = PBXVariantGroup;
			children = (
				E74F1E021D3C06B800A34409 /* Base */,
			);
			name = Jam.storyboard;
			sourceTree = "<group>";
		};
		E756A8771D2D7E74007C0590 /* Main.storyboard */ = {
			isa = PBXVariantGroup;
			children = (
				E756A8781D2D7E74007C0590 /* Base */,
			);
			name = Main.storyboard;
			sourceTree = "<group>";
		};
		E756A87C1D2D7E74007C0590 /* LaunchScreen.storyboard */ = {
			isa = PBXVariantGroup;
			children = (
				E756A87D1D2D7E74007C0590 /* Base */,
			);
			name = LaunchScreen.storyboard;
			sourceTree = "<group>";
		};
		E79AE2031D3D50F400899823 /* Profile.storyboard */ = {
			isa = PBXVariantGroup;
			children = (
				E79AE2041D3D50F400899823 /* Base */,
			);
			name = Profile.storyboard;
			sourceTree = "<group>";
		};
		E7F0BB451D3D67110059160B /* Home.storyboard */ = {
			isa = PBXVariantGroup;
			children = (
				E7F0BB461D3D67110059160B /* Base */,
			);
			name = Home.storyboard;
			sourceTree = "<group>";
		};
/* End PBXVariantGroup section */

/* Begin XCBuildConfiguration section */
		E756A8801D2D7E74007C0590 /* Debug */ = {
			isa = XCBuildConfiguration;
			buildSettings = {
				ALWAYS_SEARCH_USER_PATHS = NO;
				CLANG_ANALYZER_NONNULL = YES;
				CLANG_CXX_LANGUAGE_STANDARD = "gnu++0x";
				CLANG_CXX_LIBRARY = "libc++";
				CLANG_ENABLE_MODULES = YES;
				CLANG_ENABLE_OBJC_ARC = YES;
				CLANG_WARN_BOOL_CONVERSION = YES;
				CLANG_WARN_CONSTANT_CONVERSION = YES;
				CLANG_WARN_DIRECT_OBJC_ISA_USAGE = YES_ERROR;
				CLANG_WARN_EMPTY_BODY = YES;
				CLANG_WARN_ENUM_CONVERSION = YES;
				CLANG_WARN_INT_CONVERSION = YES;
				CLANG_WARN_OBJC_ROOT_CLASS = YES_ERROR;
				CLANG_WARN_UNREACHABLE_CODE = YES;
				CLANG_WARN__DUPLICATE_METHOD_MATCH = YES;
				"CODE_SIGN_IDENTITY[sdk=iphoneos*]" = "iPhone Developer";
				COPY_PHASE_STRIP = NO;
				DEBUG_INFORMATION_FORMAT = dwarf;
				ENABLE_STRICT_OBJC_MSGSEND = YES;
				ENABLE_TESTABILITY = YES;
				GCC_C_LANGUAGE_STANDARD = gnu99;
				GCC_DYNAMIC_NO_PIC = NO;
				GCC_NO_COMMON_BLOCKS = YES;
				GCC_OPTIMIZATION_LEVEL = 0;
				GCC_PREPROCESSOR_DEFINITIONS = (
					"DEBUG=1",
					"$(inherited)",
				);
				GCC_WARN_64_TO_32_BIT_CONVERSION = YES;
				GCC_WARN_ABOUT_RETURN_TYPE = YES_ERROR;
				GCC_WARN_UNDECLARED_SELECTOR = YES;
				GCC_WARN_UNINITIALIZED_AUTOS = YES_AGGRESSIVE;
				GCC_WARN_UNUSED_FUNCTION = YES;
				GCC_WARN_UNUSED_VARIABLE = YES;
				IPHONEOS_DEPLOYMENT_TARGET = 9.3;
				MTL_ENABLE_DEBUG_INFO = YES;
				ONLY_ACTIVE_ARCH = YES;
				SDKROOT = iphoneos;
				SWIFT_OPTIMIZATION_LEVEL = "-Onone";
			};
			name = Debug;
		};
		E756A8811D2D7E74007C0590 /* Release */ = {
			isa = XCBuildConfiguration;
			buildSettings = {
				ALWAYS_SEARCH_USER_PATHS = NO;
				CLANG_ANALYZER_NONNULL = YES;
				CLANG_CXX_LANGUAGE_STANDARD = "gnu++0x";
				CLANG_CXX_LIBRARY = "libc++";
				CLANG_ENABLE_MODULES = YES;
				CLANG_ENABLE_OBJC_ARC = YES;
				CLANG_WARN_BOOL_CONVERSION = YES;
				CLANG_WARN_CONSTANT_CONVERSION = YES;
				CLANG_WARN_DIRECT_OBJC_ISA_USAGE = YES_ERROR;
				CLANG_WARN_EMPTY_BODY = YES;
				CLANG_WARN_ENUM_CONVERSION = YES;
				CLANG_WARN_INT_CONVERSION = YES;
				CLANG_WARN_OBJC_ROOT_CLASS = YES_ERROR;
				CLANG_WARN_UNREACHABLE_CODE = YES;
				CLANG_WARN__DUPLICATE_METHOD_MATCH = YES;
				"CODE_SIGN_IDENTITY[sdk=iphoneos*]" = "iPhone Developer";
				COPY_PHASE_STRIP = NO;
				DEBUG_INFORMATION_FORMAT = "dwarf-with-dsym";
				ENABLE_NS_ASSERTIONS = NO;
				ENABLE_STRICT_OBJC_MSGSEND = YES;
				GCC_C_LANGUAGE_STANDARD = gnu99;
				GCC_NO_COMMON_BLOCKS = YES;
				GCC_WARN_64_TO_32_BIT_CONVERSION = YES;
				GCC_WARN_ABOUT_RETURN_TYPE = YES_ERROR;
				GCC_WARN_UNDECLARED_SELECTOR = YES;
				GCC_WARN_UNINITIALIZED_AUTOS = YES_AGGRESSIVE;
				GCC_WARN_UNUSED_FUNCTION = YES;
				GCC_WARN_UNUSED_VARIABLE = YES;
				IPHONEOS_DEPLOYMENT_TARGET = 9.3;
				MTL_ENABLE_DEBUG_INFO = NO;
				SDKROOT = iphoneos;
				VALIDATE_PRODUCT = YES;
			};
			name = Release;
		};
		E756A8831D2D7E74007C0590 /* Debug */ = {
			isa = XCBuildConfiguration;
			baseConfigurationReference = 7F275E1B8FE709C2BCDCFD4D /* Pods-JamChat.debug.xcconfig */;
			buildSettings = {
				ASSETCATALOG_COMPILER_APPICON_NAME = AppIcon;
				CODE_SIGN_IDENTITY = "iPhone Developer";
				FRAMEWORK_SEARCH_PATHS = (
					"$(inherited)",
					"$(PROJECT_DIR)",
				);
				INFOPLIST_FILE = JamChat/Info.plist;
				LD_RUNPATH_SEARCH_PATHS = "$(inherited) @executable_path/Frameworks";
				PRODUCT_BUNDLE_IDENTIFIER = com.Jammers.JamChat;
				PRODUCT_NAME = "$(TARGET_NAME)";
			};
			name = Debug;
		};
		E756A8841D2D7E74007C0590 /* Release */ = {
			isa = XCBuildConfiguration;
			baseConfigurationReference = 06DC7EFB1EBB19B0747B99B1 /* Pods-JamChat.release.xcconfig */;
			buildSettings = {
				ASSETCATALOG_COMPILER_APPICON_NAME = AppIcon;
				CODE_SIGN_IDENTITY = "iPhone Developer";
				FRAMEWORK_SEARCH_PATHS = (
					"$(inherited)",
					"$(PROJECT_DIR)",
				);
				INFOPLIST_FILE = JamChat/Info.plist;
				LD_RUNPATH_SEARCH_PATHS = "$(inherited) @executable_path/Frameworks";
				PRODUCT_BUNDLE_IDENTIFIER = com.Jammers.JamChat;
				PRODUCT_NAME = "$(TARGET_NAME)";
			};
			name = Release;
		};
/* End XCBuildConfiguration section */

/* Begin XCConfigurationList section */
		E756A86B1D2D7E74007C0590 /* Build configuration list for PBXProject "JamChat" */ = {
			isa = XCConfigurationList;
			buildConfigurations = (
				E756A8801D2D7E74007C0590 /* Debug */,
				E756A8811D2D7E74007C0590 /* Release */,
			);
			defaultConfigurationIsVisible = 0;
			defaultConfigurationName = Release;
		};
		E756A8821D2D7E74007C0590 /* Build configuration list for PBXNativeTarget "JamChat" */ = {
			isa = XCConfigurationList;
			buildConfigurations = (
				E756A8831D2D7E74007C0590 /* Debug */,
				E756A8841D2D7E74007C0590 /* Release */,
			);
			defaultConfigurationIsVisible = 0;
			defaultConfigurationName = Release;
		};
/* End XCConfigurationList section */
	};
	rootObject = E756A8681D2D7E74007C0590 /* Project object */;
}
