// !$*UTF8*$!
{
	archiveVersion = 1;
	classes = {
	};
	objectVersion = 46;
	objects = {

/* Begin PBXBuildFile section */
		210AEB011D4FC7D1006EDF89 /* LoopsPagerViewController.swift in Sources */ = {isa = PBXBuildFile; fileRef = 210AEB001D4FC7D1006EDF89 /* LoopsPagerViewController.swift */; };
		213089AD1D4154CF0030D099 /* InstrumentCell.swift in Sources */ = {isa = PBXBuildFile; fileRef = 213089AC1D4154CF0030D099 /* InstrumentCell.swift */; };
		213089B11D41594A0030D099 /* UserCollectionDelegate.swift in Sources */ = {isa = PBXBuildFile; fileRef = 213089B01D41594A0030D099 /* UserCollectionDelegate.swift */; };
		213089B31D415AB00030D099 /* InstrumentCollectionDelegate.swift in Sources */ = {isa = PBXBuildFile; fileRef = 213089B21D415AB00030D099 /* InstrumentCollectionDelegate.swift */; };
		219AEAA41D403E39008DC61B /* jamNames.txt in Resources */ = {isa = PBXBuildFile; fileRef = 219AEAA31D403E39008DC61B /* jamNames.txt */; };
		21ECC9ED1D41D47800E4E695 /* FriendCell.swift in Sources */ = {isa = PBXBuildFile; fileRef = 21ECC9EC1D41D47800E4E695 /* FriendCell.swift */; };
		21F29BCA1D4FCD1100CED9D8 /* ChordsViewController.swift in Sources */ = {isa = PBXBuildFile; fileRef = 21F29BC91D4FCD1100CED9D8 /* ChordsViewController.swift */; };
		21F29BCF1D4FDE1400CED9D8 /* MicrophoneViewController.swift in Sources */ = {isa = PBXBuildFile; fileRef = 21F29BCE1D4FDE1400CED9D8 /* MicrophoneViewController.swift */; };
		8C01C09D1D4930BF007FB836 /* LoopViewController.swift in Sources */ = {isa = PBXBuildFile; fileRef = 8C01C09C1D4930BF007FB836 /* LoopViewController.swift */; };
		8C01C09F1D4957CE007FB836 /* LoopCell.swift in Sources */ = {isa = PBXBuildFile; fileRef = 8C01C09E1D4957CE007FB836 /* LoopCell.swift */; };
		8C0EC4C81D46D9C200092B88 /* 80BPM.wav in Resources */ = {isa = PBXBuildFile; fileRef = 8C0EC4C71D46D9C200092B88 /* 80BPM.wav */; };
		8C0EC4CC1D46E33000092B88 /* 140BPM.wav in Resources */ = {isa = PBXBuildFile; fileRef = 8C0EC4CB1D46E33000092B88 /* 140BPM.wav */; };
		8C3552B21D4A057700795591 /* #1BPM80.wav in Resources */ = {isa = PBXBuildFile; fileRef = 8C3552AC1D4A057700795591 /* #1BPM80.wav */; };
		8C3552B31D4A057700795591 /* #2BPM80.wav in Resources */ = {isa = PBXBuildFile; fileRef = 8C3552AD1D4A057700795591 /* #2BPM80.wav */; };
		8C3552B41D4A057700795591 /* #3BPM80.wav in Resources */ = {isa = PBXBuildFile; fileRef = 8C3552AE1D4A057700795591 /* #3BPM80.wav */; };
		8C3552B51D4A057700795591 /* #4BPM80.wav in Resources */ = {isa = PBXBuildFile; fileRef = 8C3552AF1D4A057700795591 /* #4BPM80.wav */; };
		8C3552B61D4A057700795591 /* #5BPM80.wav in Resources */ = {isa = PBXBuildFile; fileRef = 8C3552B01D4A057700795591 /* #5BPM80.wav */; };
		8C3552B71D4A057700795591 /* #6BPM80.wav in Resources */ = {isa = PBXBuildFile; fileRef = 8C3552B11D4A057700795591 /* #6BPM80.wav */; };
		8C3552B91D4A0CCA00795591 /* 110BPM.wav in Resources */ = {isa = PBXBuildFile; fileRef = 8C3552B81D4A0CCA00795591 /* 110BPM.wav */; };
		8C3552BB1D4A0D8A00795591 /* Loop.swift in Sources */ = {isa = PBXBuildFile; fileRef = 8C3552BA1D4A0D8A00795591 /* Loop.swift */; };
		8C3552C51D4AA4DE00795591 /* #1BPM110.wav in Resources */ = {isa = PBXBuildFile; fileRef = 8C3552BF1D4AA4DE00795591 /* #1BPM110.wav */; };
		8C3552C61D4AA4DE00795591 /* #2BPM110.wav in Resources */ = {isa = PBXBuildFile; fileRef = 8C3552C01D4AA4DE00795591 /* #2BPM110.wav */; };
		8C3552C71D4AA4DE00795591 /* #3BPM110.wav in Resources */ = {isa = PBXBuildFile; fileRef = 8C3552C11D4AA4DE00795591 /* #3BPM110.wav */; };
		8C3552C81D4AA4DE00795591 /* #4BPM110.wav in Resources */ = {isa = PBXBuildFile; fileRef = 8C3552C21D4AA4DE00795591 /* #4BPM110.wav */; };
		8C3552C91D4AA4DE00795591 /* #5BPM110.wav in Resources */ = {isa = PBXBuildFile; fileRef = 8C3552C31D4AA4DE00795591 /* #5BPM110.wav */; };
		8C3552CA1D4AA4DE00795591 /* #6BPM110.wav in Resources */ = {isa = PBXBuildFile; fileRef = 8C3552C41D4AA4DE00795591 /* #6BPM110.wav */; };
		8C3552D11D4AAEE000795591 /* #1BPM140.wav in Resources */ = {isa = PBXBuildFile; fileRef = 8C3552CB1D4AAEE000795591 /* #1BPM140.wav */; };
		8C3552D21D4AAEE000795591 /* #2BPM140.wav in Resources */ = {isa = PBXBuildFile; fileRef = 8C3552CC1D4AAEE000795591 /* #2BPM140.wav */; };
		8C3552D31D4AAEE000795591 /* #3BPM140.wav in Resources */ = {isa = PBXBuildFile; fileRef = 8C3552CD1D4AAEE000795591 /* #3BPM140.wav */; };
		8C3552D41D4AAEE000795591 /* #4BPM140.wav in Resources */ = {isa = PBXBuildFile; fileRef = 8C3552CE1D4AAEE000795591 /* #4BPM140.wav */; };
		8C3552D51D4AAEE000795591 /* #5BPM140.wav in Resources */ = {isa = PBXBuildFile; fileRef = 8C3552CF1D4AAEE000795591 /* #5BPM140.wav */; };
		8C3552D61D4AAEE000795591 /* #6BPM140.wav in Resources */ = {isa = PBXBuildFile; fileRef = 8C3552D01D4AAEE000795591 /* #6BPM140.wav */; };
		8C3552DA1D4BCB1B00795591 /* Metronome.swift in Sources */ = {isa = PBXBuildFile; fileRef = 8C3552D91D4BCB1B00795591 /* Metronome.swift */; };
		8C9D0FEC1D3D602C00380680 /* Instrument.swift in Sources */ = {isa = PBXBuildFile; fileRef = 8C9D0FEB1D3D602C00380680 /* Instrument.swift */; };
		B478B30C21015976D36752E7 /* Pods_JamChat.framework in Frameworks */ = {isa = PBXBuildFile; fileRef = EB46293530A6261983676B0D /* Pods_JamChat.framework */; };
		E70DC3BE1D46E28900B76CE7 /* PubNubHandler.swift in Sources */ = {isa = PBXBuildFile; fileRef = E70DC3BD1D46E28900B76CE7 /* PubNubHandler.swift */; };
		E70DC3C01D46EA0C00B76CE7 /* AKAudioPlayer.swift in Sources */ = {isa = PBXBuildFile; fileRef = E70DC3BF1D46EA0C00B76CE7 /* AKAudioPlayer.swift */; };
		E717EC161D2ED34500AC812B /* User.swift in Sources */ = {isa = PBXBuildFile; fileRef = E717EC151D2ED34500AC812B /* User.swift */; };
		E723F2BD1D400B8300CF1C29 /* Vintage Strat.exs in Resources */ = {isa = PBXBuildFile; fileRef = E723F2BC1D400B6B00CF1C29 /* Vintage Strat.exs */; };
		E723F2C41D40115700CF1C29 /* ChoirC.wav in Resources */ = {isa = PBXBuildFile; fileRef = E723F2BF1D40115700CF1C29 /* ChoirC.wav */; };
		E723F2C51D40115700CF1C29 /* ElectricBassC.wav in Resources */ = {isa = PBXBuildFile; fileRef = E723F2C01D40115700CF1C29 /* ElectricBassC.wav */; };
		E723F2C61D40115700CF1C29 /* PianoC.wav in Resources */ = {isa = PBXBuildFile; fileRef = E723F2C11D40115700CF1C29 /* PianoC.wav */; };
		E723F2C71D40115700CF1C29 /* RockGuitarC.wav in Resources */ = {isa = PBXBuildFile; fileRef = E723F2C21D40115700CF1C29 /* RockGuitarC.wav */; };
		E723F2C81D40115700CF1C29 /* SaxC.wav in Resources */ = {isa = PBXBuildFile; fileRef = E723F2C31D40115700CF1C29 /* SaxC.wav */; };
		E723F2CA1D40116100CF1C29 /* AcousticBassC.wav in Resources */ = {isa = PBXBuildFile; fileRef = E723F2C91D40116100CF1C29 /* AcousticBassC.wav */; };
		E74F1DF61D3869DB00A34409 /* JamViewController.swift in Sources */ = {isa = PBXBuildFile; fileRef = E74F1DF41D3869DB00A34409 /* JamViewController.swift */; };
		E74F1E031D3C06B800A34409 /* Jam.storyboard in Resources */ = {isa = PBXBuildFile; fileRef = E74F1E011D3C06B800A34409 /* Jam.storyboard */; };
		E756A8741D2D7E74007C0590 /* AppDelegate.swift in Sources */ = {isa = PBXBuildFile; fileRef = E756A8731D2D7E74007C0590 /* AppDelegate.swift */; };
		E756A8791D2D7E74007C0590 /* Main.storyboard in Resources */ = {isa = PBXBuildFile; fileRef = E756A8771D2D7E74007C0590 /* Main.storyboard */; };
		E756A87B1D2D7E74007C0590 /* Assets.xcassets in Resources */ = {isa = PBXBuildFile; fileRef = E756A87A1D2D7E74007C0590 /* Assets.xcassets */; };
		E756A87E1D2D7E74007C0590 /* LaunchScreen.storyboard in Resources */ = {isa = PBXBuildFile; fileRef = E756A87C1D2D7E74007C0590 /* LaunchScreen.storyboard */; };
		E795FCE21D480AD5002937E1 /* LoginViewController.swift in Sources */ = {isa = PBXBuildFile; fileRef = E795FCE11D480AD5002937E1 /* LoginViewController.swift */; };
		E799567D1D31746300EE445B /* Jam.swift in Sources */ = {isa = PBXBuildFile; fileRef = E799567C1D31746300EE445B /* Jam.swift */; };
		E799567F1D31749F00EE445B /* Track.swift in Sources */ = {isa = PBXBuildFile; fileRef = E799567E1D31749F00EE445B /* Track.swift */; };
		E79AE2051D3D50F400899823 /* Profile.storyboard in Resources */ = {isa = PBXBuildFile; fileRef = E79AE2031D3D50F400899823 /* Profile.storyboard */; };
		E7AB05471D4296C400A92C9E /* AudioKit.framework in Embed Frameworks */ = {isa = PBXBuildFile; fileRef = E723F3051D4292AB00CF1C29 /* AudioKit.framework */; settings = {ATTRIBUTES = (CodeSignOnCopy, RemoveHeadersOnCopy, ); }; };
		E7AB05491D4296DE00A92C9E /* AudioKit.framework in Frameworks */ = {isa = PBXBuildFile; fileRef = E723F3051D4292AB00CF1C29 /* AudioKit.framework */; };
		E7AB05571D429ED800A92C9E /* AKAudioFile+Exporting.swift in Sources */ = {isa = PBXBuildFile; fileRef = E7AB05511D429ED800A92C9E /* AKAudioFile+Exporting.swift */; };
		E7E0D6981D3C0DCB005A840A /* UserCell.swift in Sources */ = {isa = PBXBuildFile; fileRef = E7E0D6971D3C0DCB005A840A /* UserCell.swift */; };
		E7F0BB3E1D3D61550059160B /* PagerViewController.swift in Sources */ = {isa = PBXBuildFile; fileRef = E7F0BB3D1D3D61550059160B /* PagerViewController.swift */; };
		E7F0BB471D3D67110059160B /* Home.storyboard in Resources */ = {isa = PBXBuildFile; fileRef = E7F0BB451D3D67110059160B /* Home.storyboard */; };
		E7F0BB491D3D67B80059160B /* JamCreation.storyboard in Resources */ = {isa = PBXBuildFile; fileRef = E7F0BB481D3D67B80059160B /* JamCreation.storyboard */; };
		E7F0BB4B1D3D6C300059160B /* ProfileViewController.swift in Sources */ = {isa = PBXBuildFile; fileRef = E7F0BB4A1D3D6C300059160B /* ProfileViewController.swift */; };
		E7F0BB4D1D3D6CE90059160B /* HomeNavigationController.swift in Sources */ = {isa = PBXBuildFile; fileRef = E7F0BB4C1D3D6CE90059160B /* HomeNavigationController.swift */; };
		E7F0BB591D3ECA470059160B /* KeyboardViewController.swift in Sources */ = {isa = PBXBuildFile; fileRef = E7F0BB571D3ECA470059160B /* KeyboardViewController.swift */; };
		E7FBA05D1D469F020011B689 /* AKNodeRecorder.swift in Sources */ = {isa = PBXBuildFile; fileRef = E7FBA05C1D469F020011B689 /* AKNodeRecorder.swift */; };
		E7FBA05F1D469F3D0011B689 /* AKSettings.swift in Sources */ = {isa = PBXBuildFile; fileRef = E7FBA05E1D469F3D0011B689 /* AKSettings.swift */; };
		E7FE0FE61D356E2100452361 /* JamCell.swift in Sources */ = {isa = PBXBuildFile; fileRef = E7FE0FE51D356E2100452361 /* JamCell.swift */; };
		E7FE0FE81D35706A00452361 /* HomeViewController.swift in Sources */ = {isa = PBXBuildFile; fileRef = E7FE0FE71D35706A00452361 /* HomeViewController.swift */; };
		E7FE0FEF1D357C6C00452361 /* JamCreationViewController.swift in Sources */ = {isa = PBXBuildFile; fileRef = E7FE0FED1D357C6C00452361 /* JamCreationViewController.swift */; };
/* End PBXBuildFile section */

/* Begin PBXCopyFilesBuildPhase section */
		E7AB05481D4296C400A92C9E /* Embed Frameworks */ = {
			isa = PBXCopyFilesBuildPhase;
			buildActionMask = 2147483647;
			dstPath = "";
			dstSubfolderSpec = 10;
			files = (
				E7AB05471D4296C400A92C9E /* AudioKit.framework in Embed Frameworks */,
			);
			name = "Embed Frameworks";
			runOnlyForDeploymentPostprocessing = 0;
		};
/* End PBXCopyFilesBuildPhase section */

/* Begin PBXFileReference section */
		06DC7EFB1EBB19B0747B99B1 /* Pods-JamChat.release.xcconfig */ = {isa = PBXFileReference; includeInIndex = 1; lastKnownFileType = text.xcconfig; name = "Pods-JamChat.release.xcconfig"; path = "Pods/Target Support Files/Pods-JamChat/Pods-JamChat.release.xcconfig"; sourceTree = "<group>"; };
		210AEB001D4FC7D1006EDF89 /* LoopsPagerViewController.swift */ = {isa = PBXFileReference; fileEncoding = 4; lastKnownFileType = sourcecode.swift; path = LoopsPagerViewController.swift; sourceTree = "<group>"; };
		213089AC1D4154CF0030D099 /* InstrumentCell.swift */ = {isa = PBXFileReference; fileEncoding = 4; lastKnownFileType = sourcecode.swift; path = InstrumentCell.swift; sourceTree = "<group>"; };
		213089B01D41594A0030D099 /* UserCollectionDelegate.swift */ = {isa = PBXFileReference; fileEncoding = 4; lastKnownFileType = sourcecode.swift; path = UserCollectionDelegate.swift; sourceTree = "<group>"; };
		213089B21D415AB00030D099 /* InstrumentCollectionDelegate.swift */ = {isa = PBXFileReference; fileEncoding = 4; lastKnownFileType = sourcecode.swift; path = InstrumentCollectionDelegate.swift; sourceTree = "<group>"; };
		219AEAA31D403E39008DC61B /* jamNames.txt */ = {isa = PBXFileReference; fileEncoding = 4; lastKnownFileType = text; path = jamNames.txt; sourceTree = "<group>"; };
		21ECC9EC1D41D47800E4E695 /* FriendCell.swift */ = {isa = PBXFileReference; fileEncoding = 4; lastKnownFileType = sourcecode.swift; path = FriendCell.swift; sourceTree = "<group>"; };
		21F29BC91D4FCD1100CED9D8 /* ChordsViewController.swift */ = {isa = PBXFileReference; fileEncoding = 4; lastKnownFileType = sourcecode.swift; path = ChordsViewController.swift; sourceTree = "<group>"; };
		21F29BCE1D4FDE1400CED9D8 /* MicrophoneViewController.swift */ = {isa = PBXFileReference; fileEncoding = 4; lastKnownFileType = sourcecode.swift; path = MicrophoneViewController.swift; sourceTree = "<group>"; };
		7F275E1B8FE709C2BCDCFD4D /* Pods-JamChat.debug.xcconfig */ = {isa = PBXFileReference; includeInIndex = 1; lastKnownFileType = text.xcconfig; name = "Pods-JamChat.debug.xcconfig"; path = "Pods/Target Support Files/Pods-JamChat/Pods-JamChat.debug.xcconfig"; sourceTree = "<group>"; };
		8C01C09C1D4930BF007FB836 /* LoopViewController.swift */ = {isa = PBXFileReference; fileEncoding = 4; lastKnownFileType = sourcecode.swift; path = LoopViewController.swift; sourceTree = "<group>"; };
		8C01C09E1D4957CE007FB836 /* LoopCell.swift */ = {isa = PBXFileReference; fileEncoding = 4; lastKnownFileType = sourcecode.swift; path = LoopCell.swift; sourceTree = "<group>"; };
		8C0EC4C71D46D9C200092B88 /* 80BPM.wav */ = {isa = PBXFileReference; lastKnownFileType = audio.wav; path = 80BPM.wav; sourceTree = "<group>"; };
		8C0EC4CB1D46E33000092B88 /* 140BPM.wav */ = {isa = PBXFileReference; lastKnownFileType = audio.wav; path = 140BPM.wav; sourceTree = "<group>"; };
		8C3552AC1D4A057700795591 /* #1BPM80.wav */ = {isa = PBXFileReference; lastKnownFileType = audio.wav; path = "#1BPM80.wav"; sourceTree = "<group>"; };
		8C3552AD1D4A057700795591 /* #2BPM80.wav */ = {isa = PBXFileReference; lastKnownFileType = audio.wav; path = "#2BPM80.wav"; sourceTree = "<group>"; };
		8C3552AE1D4A057700795591 /* #3BPM80.wav */ = {isa = PBXFileReference; lastKnownFileType = audio.wav; path = "#3BPM80.wav"; sourceTree = "<group>"; };
		8C3552AF1D4A057700795591 /* #4BPM80.wav */ = {isa = PBXFileReference; lastKnownFileType = audio.wav; path = "#4BPM80.wav"; sourceTree = "<group>"; };
		8C3552B01D4A057700795591 /* #5BPM80.wav */ = {isa = PBXFileReference; lastKnownFileType = audio.wav; path = "#5BPM80.wav"; sourceTree = "<group>"; };
		8C3552B11D4A057700795591 /* #6BPM80.wav */ = {isa = PBXFileReference; lastKnownFileType = audio.wav; path = "#6BPM80.wav"; sourceTree = "<group>"; };
		8C3552B81D4A0CCA00795591 /* 110BPM.wav */ = {isa = PBXFileReference; lastKnownFileType = audio.wav; path = 110BPM.wav; sourceTree = "<group>"; };
		8C3552BA1D4A0D8A00795591 /* Loop.swift */ = {isa = PBXFileReference; fileEncoding = 4; lastKnownFileType = sourcecode.swift; path = Loop.swift; sourceTree = "<group>"; };
		8C3552BF1D4AA4DE00795591 /* #1BPM110.wav */ = {isa = PBXFileReference; lastKnownFileType = audio.wav; path = "#1BPM110.wav"; sourceTree = "<group>"; };
		8C3552C01D4AA4DE00795591 /* #2BPM110.wav */ = {isa = PBXFileReference; lastKnownFileType = audio.wav; path = "#2BPM110.wav"; sourceTree = "<group>"; };
		8C3552C11D4AA4DE00795591 /* #3BPM110.wav */ = {isa = PBXFileReference; lastKnownFileType = audio.wav; path = "#3BPM110.wav"; sourceTree = "<group>"; };
		8C3552C21D4AA4DE00795591 /* #4BPM110.wav */ = {isa = PBXFileReference; lastKnownFileType = audio.wav; path = "#4BPM110.wav"; sourceTree = "<group>"; };
		8C3552C31D4AA4DE00795591 /* #5BPM110.wav */ = {isa = PBXFileReference; lastKnownFileType = audio.wav; path = "#5BPM110.wav"; sourceTree = "<group>"; };
		8C3552C41D4AA4DE00795591 /* #6BPM110.wav */ = {isa = PBXFileReference; lastKnownFileType = audio.wav; path = "#6BPM110.wav"; sourceTree = "<group>"; };
		8C3552CB1D4AAEE000795591 /* #1BPM140.wav */ = {isa = PBXFileReference; lastKnownFileType = audio.wav; path = "#1BPM140.wav"; sourceTree = "<group>"; };
		8C3552CC1D4AAEE000795591 /* #2BPM140.wav */ = {isa = PBXFileReference; lastKnownFileType = audio.wav; path = "#2BPM140.wav"; sourceTree = "<group>"; };
		8C3552CD1D4AAEE000795591 /* #3BPM140.wav */ = {isa = PBXFileReference; lastKnownFileType = audio.wav; path = "#3BPM140.wav"; sourceTree = "<group>"; };
		8C3552CE1D4AAEE000795591 /* #4BPM140.wav */ = {isa = PBXFileReference; lastKnownFileType = audio.wav; path = "#4BPM140.wav"; sourceTree = "<group>"; };
		8C3552CF1D4AAEE000795591 /* #5BPM140.wav */ = {isa = PBXFileReference; lastKnownFileType = audio.wav; path = "#5BPM140.wav"; sourceTree = "<group>"; };
		8C3552D01D4AAEE000795591 /* #6BPM140.wav */ = {isa = PBXFileReference; lastKnownFileType = audio.wav; path = "#6BPM140.wav"; sourceTree = "<group>"; };
		8C3552D91D4BCB1B00795591 /* Metronome.swift */ = {isa = PBXFileReference; fileEncoding = 4; lastKnownFileType = sourcecode.swift; path = Metronome.swift; sourceTree = "<group>"; };
		8C9D0FEB1D3D602C00380680 /* Instrument.swift */ = {isa = PBXFileReference; fileEncoding = 4; lastKnownFileType = sourcecode.swift; path = Instrument.swift; sourceTree = "<group>"; };
		E70DC3BD1D46E28900B76CE7 /* PubNubHandler.swift */ = {isa = PBXFileReference; fileEncoding = 4; lastKnownFileType = sourcecode.swift; path = PubNubHandler.swift; sourceTree = "<group>"; };
		E70DC3BF1D46EA0C00B76CE7 /* AKAudioPlayer.swift */ = {isa = PBXFileReference; fileEncoding = 4; lastKnownFileType = sourcecode.swift; path = AKAudioPlayer.swift; sourceTree = "<group>"; };
		E717EC151D2ED34500AC812B /* User.swift */ = {isa = PBXFileReference; fileEncoding = 4; lastKnownFileType = sourcecode.swift; path = User.swift; sourceTree = "<group>"; };
		E723F2BC1D400B6B00CF1C29 /* Vintage Strat.exs */ = {isa = PBXFileReference; lastKnownFileType = file; path = "Vintage Strat.exs"; sourceTree = "<group>"; };
		E723F2BF1D40115700CF1C29 /* ChoirC.wav */ = {isa = PBXFileReference; lastKnownFileType = audio.wav; path = ChoirC.wav; sourceTree = "<group>"; };
		E723F2C01D40115700CF1C29 /* ElectricBassC.wav */ = {isa = PBXFileReference; lastKnownFileType = audio.wav; path = ElectricBassC.wav; sourceTree = "<group>"; };
		E723F2C11D40115700CF1C29 /* PianoC.wav */ = {isa = PBXFileReference; lastKnownFileType = audio.wav; path = PianoC.wav; sourceTree = "<group>"; };
		E723F2C21D40115700CF1C29 /* RockGuitarC.wav */ = {isa = PBXFileReference; lastKnownFileType = audio.wav; path = RockGuitarC.wav; sourceTree = "<group>"; };
		E723F2C31D40115700CF1C29 /* SaxC.wav */ = {isa = PBXFileReference; lastKnownFileType = audio.wav; path = SaxC.wav; sourceTree = "<group>"; };
		E723F2C91D40116100CF1C29 /* AcousticBassC.wav */ = {isa = PBXFileReference; lastKnownFileType = audio.wav; path = AcousticBassC.wav; sourceTree = "<group>"; };
		E723F3051D4292AB00CF1C29 /* AudioKit.framework */ = {isa = PBXFileReference; lastKnownFileType = wrapper.framework; path = AudioKit.framework; sourceTree = "<group>"; };
		E723F3091D4292B300CF1C29 /* AudioKit.docset */ = {isa = PBXFileReference; lastKnownFileType = wrapper; path = AudioKit.docset; sourceTree = "<group>"; };
		E74F1DF41D3869DB00A34409 /* JamViewController.swift */ = {isa = PBXFileReference; fileEncoding = 4; lastKnownFileType = sourcecode.swift; path = JamViewController.swift; sourceTree = "<group>"; };
		E74F1E021D3C06B800A34409 /* Base */ = {isa = PBXFileReference; lastKnownFileType = file.storyboard; name = Base; path = Base.lproj/Jam.storyboard; sourceTree = "<group>"; };
		E756A8701D2D7E74007C0590 /* JamChat.app */ = {isa = PBXFileReference; explicitFileType = wrapper.application; includeInIndex = 0; path = JamChat.app; sourceTree = BUILT_PRODUCTS_DIR; };
		E756A8731D2D7E74007C0590 /* AppDelegate.swift */ = {isa = PBXFileReference; lastKnownFileType = sourcecode.swift; path = AppDelegate.swift; sourceTree = "<group>"; };
		E756A8781D2D7E74007C0590 /* Base */ = {isa = PBXFileReference; lastKnownFileType = file.storyboard; name = Base; path = Base.lproj/Main.storyboard; sourceTree = "<group>"; };
		E756A87A1D2D7E74007C0590 /* Assets.xcassets */ = {isa = PBXFileReference; lastKnownFileType = folder.assetcatalog; path = Assets.xcassets; sourceTree = "<group>"; };
		E756A87D1D2D7E74007C0590 /* Base */ = {isa = PBXFileReference; lastKnownFileType = file.storyboard; name = Base; path = Base.lproj/LaunchScreen.storyboard; sourceTree = "<group>"; };
		E756A87F1D2D7E74007C0590 /* Info.plist */ = {isa = PBXFileReference; lastKnownFileType = text.plist.xml; path = Info.plist; sourceTree = "<group>"; };
		E795FCE11D480AD5002937E1 /* LoginViewController.swift */ = {isa = PBXFileReference; fileEncoding = 4; lastKnownFileType = sourcecode.swift; path = LoginViewController.swift; sourceTree = "<group>"; };
		E799567C1D31746300EE445B /* Jam.swift */ = {isa = PBXFileReference; fileEncoding = 4; lastKnownFileType = sourcecode.swift; path = Jam.swift; sourceTree = "<group>"; };
		E799567E1D31749F00EE445B /* Track.swift */ = {isa = PBXFileReference; fileEncoding = 4; lastKnownFileType = sourcecode.swift; path = Track.swift; sourceTree = "<group>"; };
		E79AE2041D3D50F400899823 /* Base */ = {isa = PBXFileReference; lastKnownFileType = file.storyboard; name = Base; path = Base.lproj/Profile.storyboard; sourceTree = "<group>"; };
		E7AB05511D429ED800A92C9E /* AKAudioFile+Exporting.swift */ = {isa = PBXFileReference; fileEncoding = 4; lastKnownFileType = sourcecode.swift; path = "AKAudioFile+Exporting.swift"; sourceTree = "<group>"; };
		E7E0D6971D3C0DCB005A840A /* UserCell.swift */ = {isa = PBXFileReference; fileEncoding = 4; lastKnownFileType = sourcecode.swift; path = UserCell.swift; sourceTree = "<group>"; };
		E7F0BB3D1D3D61550059160B /* PagerViewController.swift */ = {isa = PBXFileReference; fileEncoding = 4; lastKnownFileType = sourcecode.swift; path = PagerViewController.swift; sourceTree = "<group>"; };
		E7F0BB461D3D67110059160B /* Base */ = {isa = PBXFileReference; lastKnownFileType = file.storyboard; name = Base; path = Base.lproj/Home.storyboard; sourceTree = "<group>"; };
		E7F0BB481D3D67B80059160B /* JamCreation.storyboard */ = {isa = PBXFileReference; fileEncoding = 4; lastKnownFileType = file.storyboard; path = JamCreation.storyboard; sourceTree = "<group>"; };
		E7F0BB4A1D3D6C300059160B /* ProfileViewController.swift */ = {isa = PBXFileReference; fileEncoding = 4; lastKnownFileType = sourcecode.swift; path = ProfileViewController.swift; sourceTree = "<group>"; };
		E7F0BB4C1D3D6CE90059160B /* HomeNavigationController.swift */ = {isa = PBXFileReference; fileEncoding = 4; lastKnownFileType = sourcecode.swift; path = HomeNavigationController.swift; sourceTree = "<group>"; };
		E7F0BB571D3ECA470059160B /* KeyboardViewController.swift */ = {isa = PBXFileReference; fileEncoding = 4; lastKnownFileType = sourcecode.swift; path = KeyboardViewController.swift; sourceTree = "<group>"; };
		E7FBA05C1D469F020011B689 /* AKNodeRecorder.swift */ = {isa = PBXFileReference; fileEncoding = 4; lastKnownFileType = sourcecode.swift; path = AKNodeRecorder.swift; sourceTree = "<group>"; };
		E7FBA05E1D469F3D0011B689 /* AKSettings.swift */ = {isa = PBXFileReference; fileEncoding = 4; lastKnownFileType = sourcecode.swift; path = AKSettings.swift; sourceTree = "<group>"; };
		E7FE0FE51D356E2100452361 /* JamCell.swift */ = {isa = PBXFileReference; fileEncoding = 4; lastKnownFileType = sourcecode.swift; path = JamCell.swift; sourceTree = "<group>"; };
		E7FE0FE71D35706A00452361 /* HomeViewController.swift */ = {isa = PBXFileReference; fileEncoding = 4; lastKnownFileType = sourcecode.swift; path = HomeViewController.swift; sourceTree = "<group>"; };
		E7FE0FED1D357C6C00452361 /* JamCreationViewController.swift */ = {isa = PBXFileReference; fileEncoding = 4; lastKnownFileType = sourcecode.swift; path = JamCreationViewController.swift; sourceTree = "<group>"; };
		EB46293530A6261983676B0D /* Pods_JamChat.framework */ = {isa = PBXFileReference; explicitFileType = wrapper.framework; includeInIndex = 0; path = Pods_JamChat.framework; sourceTree = BUILT_PRODUCTS_DIR; };
/* End PBXFileReference section */

/* Begin PBXFrameworksBuildPhase section */
		E756A86D1D2D7E74007C0590 /* Frameworks */ = {
			isa = PBXFrameworksBuildPhase;
			buildActionMask = 2147483647;
			files = (
				B478B30C21015976D36752E7 /* Pods_JamChat.framework in Frameworks */,
				E7AB05491D4296DE00A92C9E /* AudioKit.framework in Frameworks */,
			);
			runOnlyForDeploymentPostprocessing = 0;
		};
/* End PBXFrameworksBuildPhase section */

/* Begin PBXGroup section */
		21F29BCB1D4FCD2300CED9D8 /* Loops */ = {
			isa = PBXGroup;
			children = (
				8C01C09C1D4930BF007FB836 /* LoopViewController.swift */,
				210AEB001D4FC7D1006EDF89 /* LoopsPagerViewController.swift */,
				21F29BC91D4FCD1100CED9D8 /* ChordsViewController.swift */,
			);
			name = Loops;
			sourceTree = "<group>";
		};
		49EEAABBFF989D0DC4BBBFC4 /* Frameworks */ = {
			isa = PBXGroup;
			children = (
				E723F3091D4292B300CF1C29 /* AudioKit.docset */,
				E723F3051D4292AB00CF1C29 /* AudioKit.framework */,
				EB46293530A6261983676B0D /* Pods_JamChat.framework */,
			);
			name = Frameworks;
			sourceTree = "<group>";
		};
		8C3552BC1D4AA41D00795591 /* Loops */ = {
			isa = PBXGroup;
			children = (
				8C3552CB1D4AAEE000795591 /* #1BPM140.wav */,
				8C3552CC1D4AAEE000795591 /* #2BPM140.wav */,
				8C3552CD1D4AAEE000795591 /* #3BPM140.wav */,
				8C3552CE1D4AAEE000795591 /* #4BPM140.wav */,
				8C3552CF1D4AAEE000795591 /* #5BPM140.wav */,
				8C3552D01D4AAEE000795591 /* #6BPM140.wav */,
				8C3552BF1D4AA4DE00795591 /* #1BPM110.wav */,
				8C3552C01D4AA4DE00795591 /* #2BPM110.wav */,
				8C3552C11D4AA4DE00795591 /* #3BPM110.wav */,
				8C3552C21D4AA4DE00795591 /* #4BPM110.wav */,
				8C3552C31D4AA4DE00795591 /* #5BPM110.wav */,
				8C3552C41D4AA4DE00795591 /* #6BPM110.wav */,
				8C3552AC1D4A057700795591 /* #1BPM80.wav */,
				8C3552AD1D4A057700795591 /* #2BPM80.wav */,
				8C3552AE1D4A057700795591 /* #3BPM80.wav */,
				8C3552AF1D4A057700795591 /* #4BPM80.wav */,
				8C3552B01D4A057700795591 /* #5BPM80.wav */,
				8C3552B11D4A057700795591 /* #6BPM80.wav */,
			);
			name = Loops;
			sourceTree = "<group>";
		};
		8C3552BD1D4AA43600795591 /* Instruments */ = {
			isa = PBXGroup;
			children = (
				E723F2C91D40116100CF1C29 /* AcousticBassC.wav */,
				E723F2BF1D40115700CF1C29 /* ChoirC.wav */,
				E723F2C01D40115700CF1C29 /* ElectricBassC.wav */,
				E723F2C11D40115700CF1C29 /* PianoC.wav */,
				E723F2C21D40115700CF1C29 /* RockGuitarC.wav */,
				E723F2C31D40115700CF1C29 /* SaxC.wav */,
			);
			name = Instruments;
			sourceTree = "<group>";
		};
		8C3552BE1D4AA44C00795591 /* Count-Ins */ = {
			isa = PBXGroup;
			children = (
				8C0EC4C71D46D9C200092B88 /* 80BPM.wav */,
				8C3552B81D4A0CCA00795591 /* 110BPM.wav */,
				8C0EC4CB1D46E33000092B88 /* 140BPM.wav */,
			);
			name = "Count-Ins";
			sourceTree = "<group>";
		};
		ADB320D560FF361DF46D00EF /* Pods */ = {
			isa = PBXGroup;
			children = (
				7F275E1B8FE709C2BCDCFD4D /* Pods-JamChat.debug.xcconfig */,
				06DC7EFB1EBB19B0747B99B1 /* Pods-JamChat.release.xcconfig */,
			);
			name = Pods;
			sourceTree = "<group>";
		};
		E717EC141D2ED32F00AC812B /* Models */ = {
			isa = PBXGroup;
			children = (
				8C3552D91D4BCB1B00795591 /* Metronome.swift */,
				8C3552BA1D4A0D8A00795591 /* Loop.swift */,
				8C9D0FEB1D3D602C00380680 /* Instrument.swift */,
				E717EC151D2ED34500AC812B /* User.swift */,
				E799567C1D31746300EE445B /* Jam.swift */,
				E799567E1D31749F00EE445B /* Track.swift */,
				E70DC3BD1D46E28900B76CE7 /* PubNubHandler.swift */,
			);
			name = Models;
			sourceTree = "<group>";
		};
		E74F1DF11D38163900A34409 /* Cells */ = {
			isa = PBXGroup;
			children = (
				8C01C09E1D4957CE007FB836 /* LoopCell.swift */,
				E7FE0FE51D356E2100452361 /* JamCell.swift */,
				E7E0D6971D3C0DCB005A840A /* UserCell.swift */,
				213089AC1D4154CF0030D099 /* InstrumentCell.swift */,
				21ECC9EC1D41D47800E4E695 /* FriendCell.swift */,
			);
			name = Cells;
			sourceTree = "<group>";
		};
		E756A8671D2D7E74007C0590 = {
			isa = PBXGroup;
			children = (
				E756A8721D2D7E74007C0590 /* JamChat */,
				E756A8711D2D7E74007C0590 /* Products */,
				ADB320D560FF361DF46D00EF /* Pods */,
				49EEAABBFF989D0DC4BBBFC4 /* Frameworks */,
			);
			sourceTree = "<group>";
		};
		E756A8711D2D7E74007C0590 /* Products */ = {
			isa = PBXGroup;
			children = (
				E756A8701D2D7E74007C0590 /* JamChat.app */,
			);
			name = Products;
			sourceTree = "<group>";
		};
		E756A8721D2D7E74007C0590 /* JamChat */ = {
			isa = PBXGroup;
			children = (
				E717EC141D2ED32F00AC812B /* Models */,
				E7FE0FE21D356D9B00452361 /* Views */,
				E7FE0FF41D359CA400452361 /* Controllers */,
				E756A8731D2D7E74007C0590 /* AppDelegate.swift */,
				E756A87A1D2D7E74007C0590 /* Assets.xcassets */,
				E756A87F1D2D7E74007C0590 /* Info.plist */,
				E7AB055B1D429EDD00A92C9E /* AudioKit-fixed */,
				E7FE0FF51D359CB000452361 /* Resources */,
			);
			path = JamChat;
			sourceTree = "<group>";
		};
		E7AB055B1D429EDD00A92C9E /* AudioKit-fixed */ = {
			isa = PBXGroup;
			children = (
				E70DC3BF1D46EA0C00B76CE7 /* AKAudioPlayer.swift */,
				E7FBA05E1D469F3D0011B689 /* AKSettings.swift */,
				E7FBA05C1D469F020011B689 /* AKNodeRecorder.swift */,
				E7AB05511D429ED800A92C9E /* AKAudioFile+Exporting.swift */,
			);
			name = "AudioKit-fixed";
			sourceTree = "<group>";
		};
		E7F0BB501D3D7D0B0059160B /* Jam */ = {
			isa = PBXGroup;
			children = (
				21F29BCE1D4FDE1400CED9D8 /* MicrophoneViewController.swift */,
				E74F1DF41D3869DB00A34409 /* JamViewController.swift */,
				E7F0BB571D3ECA470059160B /* KeyboardViewController.swift */,
				21F29BCB1D4FCD2300CED9D8 /* Loops */,
			);
			name = Jam;
			sourceTree = "<group>";
		};
		E7FE0FE21D356D9B00452361 /* Views */ = {
			isa = PBXGroup;
			children = (
				E756A87C1D2D7E74007C0590 /* LaunchScreen.storyboard */,
				E756A8771D2D7E74007C0590 /* Main.storyboard */,
				E7F0BB481D3D67B80059160B /* JamCreation.storyboard */,
				E7F0BB451D3D67110059160B /* Home.storyboard */,
				E79AE2031D3D50F400899823 /* Profile.storyboard */,
				E74F1E011D3C06B800A34409 /* Jam.storyboard */,
				E74F1DF11D38163900A34409 /* Cells */,
			);
			name = Views;
			sourceTree = "<group>";
		};
		E7FE0FF41D359CA400452361 /* Controllers */ = {
			isa = PBXGroup;
			children = (
				E7F0BB501D3D7D0B0059160B /* Jam */,
				E7FE0FE71D35706A00452361 /* HomeViewController.swift */,
				E7FE0FED1D357C6C00452361 /* JamCreationViewController.swift */,
				E7F0BB3D1D3D61550059160B /* PagerViewController.swift */,
				E7F0BB4A1D3D6C300059160B /* ProfileViewController.swift */,
				E7F0BB4C1D3D6CE90059160B /* HomeNavigationController.swift */,
				219AEAA31D403E39008DC61B /* jamNames.txt */,
				213089B01D41594A0030D099 /* UserCollectionDelegate.swift */,
				213089B21D415AB00030D099 /* InstrumentCollectionDelegate.swift */,
				E795FCE11D480AD5002937E1 /* LoginViewController.swift */,
			);
			name = Controllers;
			sourceTree = "<group>";
		};
		E7FE0FF51D359CB000452361 /* Resources */ = {
			isa = PBXGroup;
			children = (
				8C3552BE1D4AA44C00795591 /* Count-Ins */,
				8C3552BD1D4AA43600795591 /* Instruments */,
				8C3552BC1D4AA41D00795591 /* Loops */,
				E723F2BC1D400B6B00CF1C29 /* Vintage Strat.exs */,
			);
			name = Resources;
			sourceTree = "<group>";
		};
/* End PBXGroup section */

/* Begin PBXNativeTarget section */
		E756A86F1D2D7E74007C0590 /* JamChat */ = {
			isa = PBXNativeTarget;
			buildConfigurationList = E756A8821D2D7E74007C0590 /* Build configuration list for PBXNativeTarget "JamChat" */;
			buildPhases = (
				7DFE3F8F16642BBED423FD09 /* [CP] Check Pods Manifest.lock */,
				E756A86C1D2D7E74007C0590 /* Sources */,
				E756A86D1D2D7E74007C0590 /* Frameworks */,
				E756A86E1D2D7E74007C0590 /* Resources */,
				45293C8AB178039F57B16F61 /* [CP] Embed Pods Frameworks */,
				2D84D259A8479CE5021A50CC /* [CP] Copy Pods Resources */,
				E7AB05481D4296C400A92C9E /* Embed Frameworks */,
			);
			buildRules = (
			);
			dependencies = (
			);
			name = JamChat;
			productName = JamChat;
			productReference = E756A8701D2D7E74007C0590 /* JamChat.app */;
			productType = "com.apple.product-type.application";
		};
/* End PBXNativeTarget section */

/* Begin PBXProject section */
		E756A8681D2D7E74007C0590 /* Project object */ = {
			isa = PBXProject;
			attributes = {
				LastSwiftUpdateCheck = 0730;
				LastUpgradeCheck = 0730;
				ORGANIZATIONNAME = Jammers;
				TargetAttributes = {
					E756A86F1D2D7E74007C0590 = {
						CreatedOnToolsVersion = 7.3.1;
						DevelopmentTeam = CJM86M89CW;
						SystemCapabilities = {
							com.apple.BackgroundModes = {
								enabled = 1;
							};
							com.apple.Push = {
								enabled = 1;
							};
						};
					};
				};
			};
			buildConfigurationList = E756A86B1D2D7E74007C0590 /* Build configuration list for PBXProject "JamChat" */;
			compatibilityVersion = "Xcode 3.2";
			developmentRegion = English;
			hasScannedForEncodings = 0;
			knownRegions = (
				en,
				Base,
			);
			mainGroup = E756A8671D2D7E74007C0590;
			productRefGroup = E756A8711D2D7E74007C0590 /* Products */;
			projectDirPath = "";
			projectRoot = "";
			targets = (
				E756A86F1D2D7E74007C0590 /* JamChat */,
			);
		};
/* End PBXProject section */

/* Begin PBXResourcesBuildPhase section */
		E756A86E1D2D7E74007C0590 /* Resources */ = {
			isa = PBXResourcesBuildPhase;
			buildActionMask = 2147483647;
			files = (
				8C3552C81D4AA4DE00795591 /* #4BPM110.wav in Resources */,
				8C3552D61D4AAEE000795591 /* #6BPM140.wav in Resources */,
				8C3552B41D4A057700795591 /* #3BPM80.wav in Resources */,
				8C3552B61D4A057700795591 /* #5BPM80.wav in Resources */,
				8C3552B51D4A057700795591 /* #4BPM80.wav in Resources */,
				8C3552CA1D4AA4DE00795591 /* #6BPM110.wav in Resources */,
				E723F2BD1D400B8300CF1C29 /* Vintage Strat.exs in Resources */,
				8C3552D11D4AAEE000795591 /* #1BPM140.wav in Resources */,
				E723F2C71D40115700CF1C29 /* RockGuitarC.wav in Resources */,
				8C0EC4CC1D46E33000092B88 /* 140BPM.wav in Resources */,
				E756A87E1D2D7E74007C0590 /* LaunchScreen.storyboard in Resources */,
				8C3552C51D4AA4DE00795591 /* #1BPM110.wav in Resources */,
				8C3552C61D4AA4DE00795591 /* #2BPM110.wav in Resources */,
				8C3552D31D4AAEE000795591 /* #3BPM140.wav in Resources */,
				8C3552C91D4AA4DE00795591 /* #5BPM110.wav in Resources */,
				8C3552B71D4A057700795591 /* #6BPM80.wav in Resources */,
				E723F2C51D40115700CF1C29 /* ElectricBassC.wav in Resources */,
				E7F0BB491D3D67B80059160B /* JamCreation.storyboard in Resources */,
				E756A87B1D2D7E74007C0590 /* Assets.xcassets in Resources */,
				8C3552D21D4AAEE000795591 /* #2BPM140.wav in Resources */,
				E723F2CA1D40116100CF1C29 /* AcousticBassC.wav in Resources */,
				8C3552B21D4A057700795591 /* #1BPM80.wav in Resources */,
				E723F2C41D40115700CF1C29 /* ChoirC.wav in Resources */,
				E756A8791D2D7E74007C0590 /* Main.storyboard in Resources */,
				8C3552B31D4A057700795591 /* #2BPM80.wav in Resources */,
				E79AE2051D3D50F400899823 /* Profile.storyboard in Resources */,
				8C0EC4C81D46D9C200092B88 /* 80BPM.wav in Resources */,
				E7F0BB471D3D67110059160B /* Home.storyboard in Resources */,
				E74F1E031D3C06B800A34409 /* Jam.storyboard in Resources */,
				8C3552D51D4AAEE000795591 /* #5BPM140.wav in Resources */,
				219AEAA41D403E39008DC61B /* jamNames.txt in Resources */,
				E723F2C81D40115700CF1C29 /* SaxC.wav in Resources */,
				8C3552C71D4AA4DE00795591 /* #3BPM110.wav in Resources */,
				E723F2C61D40115700CF1C29 /* PianoC.wav in Resources */,
				8C3552B91D4A0CCA00795591 /* 110BPM.wav in Resources */,
				8C3552D41D4AAEE000795591 /* #4BPM140.wav in Resources */,
			);
			runOnlyForDeploymentPostprocessing = 0;
		};
/* End PBXResourcesBuildPhase section */

/* Begin PBXShellScriptBuildPhase section */
		2D84D259A8479CE5021A50CC /* [CP] Copy Pods Resources */ = {
			isa = PBXShellScriptBuildPhase;
			buildActionMask = 2147483647;
			files = (
			);
			inputPaths = (
			);
			name = "[CP] Copy Pods Resources";
			outputPaths = (
			);
			runOnlyForDeploymentPostprocessing = 0;
			shellPath = /bin/sh;
			shellScript = "\"${SRCROOT}/Pods/Target Support Files/Pods-JamChat/Pods-JamChat-resources.sh\"\n";
			showEnvVarsInLog = 0;
		};
		45293C8AB178039F57B16F61 /* [CP] Embed Pods Frameworks */ = {
			isa = PBXShellScriptBuildPhase;
			buildActionMask = 2147483647;
			files = (
			);
			inputPaths = (
			);
			name = "[CP] Embed Pods Frameworks";
			outputPaths = (
			);
			runOnlyForDeploymentPostprocessing = 0;
			shellPath = /bin/sh;
			shellScript = "\"${SRCROOT}/Pods/Target Support Files/Pods-JamChat/Pods-JamChat-frameworks.sh\"\n";
			showEnvVarsInLog = 0;
		};
		7DFE3F8F16642BBED423FD09 /* [CP] Check Pods Manifest.lock */ = {
			isa = PBXShellScriptBuildPhase;
			buildActionMask = 2147483647;
			files = (
			);
			inputPaths = (
			);
			name = "[CP] Check Pods Manifest.lock";
			outputPaths = (
			);
			runOnlyForDeploymentPostprocessing = 0;
			shellPath = /bin/sh;
			shellScript = "diff \"${PODS_ROOT}/../Podfile.lock\" \"${PODS_ROOT}/Manifest.lock\" > /dev/null\nif [[ $? != 0 ]] ; then\n    cat << EOM\nerror: The sandbox is not in sync with the Podfile.lock. Run 'pod install' or update your CocoaPods installation.\nEOM\n    exit 1\nfi\n";
			showEnvVarsInLog = 0;
		};
/* End PBXShellScriptBuildPhase section */

/* Begin PBXSourcesBuildPhase section */
		E756A86C1D2D7E74007C0590 /* Sources */ = {
			isa = PBXSourcesBuildPhase;
			buildActionMask = 2147483647;
			files = (
				213089AD1D4154CF0030D099 /* InstrumentCell.swift in Sources */,
				E799567F1D31749F00EE445B /* Track.swift in Sources */,
				E7FBA05F1D469F3D0011B689 /* AKSettings.swift in Sources */,
				E799567D1D31746300EE445B /* Jam.swift in Sources */,
				E7FE0FE61D356E2100452361 /* JamCell.swift in Sources */,
				E795FCE21D480AD5002937E1 /* LoginViewController.swift in Sources */,
				8C01C09F1D4957CE007FB836 /* LoopCell.swift in Sources */,
				E70DC3BE1D46E28900B76CE7 /* PubNubHandler.swift in Sources */,
				21ECC9ED1D41D47800E4E695 /* FriendCell.swift in Sources */,
				E74F1DF61D3869DB00A34409 /* JamViewController.swift in Sources */,
				8C9D0FEC1D3D602C00380680 /* Instrument.swift in Sources */,
				E756A8741D2D7E74007C0590 /* AppDelegate.swift in Sources */,
				E717EC161D2ED34500AC812B /* User.swift in Sources */,
				E7F0BB591D3ECA470059160B /* KeyboardViewController.swift in Sources */,
				E7FE0FE81D35706A00452361 /* HomeViewController.swift in Sources */,
				E7FE0FEF1D357C6C00452361 /* JamCreationViewController.swift in Sources */,
				E7F0BB4B1D3D6C300059160B /* ProfileViewController.swift in Sources */,
				21F29BCF1D4FDE1400CED9D8 /* MicrophoneViewController.swift in Sources */,
				213089B11D41594A0030D099 /* UserCollectionDelegate.swift in Sources */,
				210AEB011D4FC7D1006EDF89 /* LoopsPagerViewController.swift in Sources */,
				8C3552BB1D4A0D8A00795591 /* Loop.swift in Sources */,
				E7F0BB3E1D3D61550059160B /* PagerViewController.swift in Sources */,
				E7FBA05D1D469F020011B689 /* AKNodeRecorder.swift in Sources */,
				213089B31D415AB00030D099 /* InstrumentCollectionDelegate.swift in Sources */,
				E7F0BB4D1D3D6CE90059160B /* HomeNavigationController.swift in Sources */,
				8C01C09D1D4930BF007FB836 /* LoopViewController.swift in Sources */,
				21F29BCA1D4FCD1100CED9D8 /* ChordsViewController.swift in Sources */,
				E7AB05571D429ED800A92C9E /* AKAudioFile+Exporting.swift in Sources */,
				8C3552DA1D4BCB1B00795591 /* Metronome.swift in Sources */,
				E70DC3C01D46EA0C00B76CE7 /* AKAudioPlayer.swift in Sources */,
				E7E0D6981D3C0DCB005A840A /* UserCell.swift in Sources */,
			);
			runOnlyForDeploymentPostprocessing = 0;
		};
/* End PBXSourcesBuildPhase section */

/* Begin PBXVariantGroup section */
		E74F1E011D3C06B800A34409 /* Jam.storyboard */ = {
			isa = PBXVariantGroup;
			children = (
				E74F1E021D3C06B800A34409 /* Base */,
			);
			name = Jam.storyboard;
			sourceTree = "<group>";
		};
		E756A8771D2D7E74007C0590 /* Main.storyboard */ = {
			isa = PBXVariantGroup;
			children = (
				E756A8781D2D7E74007C0590 /* Base */,
			);
			name = Main.storyboard;
			sourceTree = "<group>";
		};
		E756A87C1D2D7E74007C0590 /* LaunchScreen.storyboard */ = {
			isa = PBXVariantGroup;
			children = (
				E756A87D1D2D7E74007C0590 /* Base */,
			);
			name = LaunchScreen.storyboard;
			sourceTree = "<group>";
		};
		E79AE2031D3D50F400899823 /* Profile.storyboard */ = {
			isa = PBXVariantGroup;
			children = (
				E79AE2041D3D50F400899823 /* Base */,
			);
			name = Profile.storyboard;
			sourceTree = "<group>";
		};
		E7F0BB451D3D67110059160B /* Home.storyboard */ = {
			isa = PBXVariantGroup;
			children = (
				E7F0BB461D3D67110059160B /* Base */,
			);
			name = Home.storyboard;
			sourceTree = "<group>";
		};
/* End PBXVariantGroup section */

/* Begin XCBuildConfiguration section */
		E756A8801D2D7E74007C0590 /* Debug */ = {
			isa = XCBuildConfiguration;
			buildSettings = {
				ALWAYS_SEARCH_USER_PATHS = NO;
				CLANG_ANALYZER_NONNULL = YES;
				CLANG_CXX_LANGUAGE_STANDARD = "gnu++0x";
				CLANG_CXX_LIBRARY = "libc++";
				CLANG_ENABLE_MODULES = YES;
				CLANG_ENABLE_OBJC_ARC = YES;
				CLANG_WARN_BOOL_CONVERSION = YES;
				CLANG_WARN_CONSTANT_CONVERSION = YES;
				CLANG_WARN_DIRECT_OBJC_ISA_USAGE = YES_ERROR;
				CLANG_WARN_EMPTY_BODY = YES;
				CLANG_WARN_ENUM_CONVERSION = YES;
				CLANG_WARN_INT_CONVERSION = YES;
				CLANG_WARN_OBJC_ROOT_CLASS = YES_ERROR;
				CLANG_WARN_UNREACHABLE_CODE = YES;
				CLANG_WARN__DUPLICATE_METHOD_MATCH = YES;
				"CODE_SIGN_IDENTITY[sdk=iphoneos*]" = "iPhone Developer";
				COPY_PHASE_STRIP = NO;
				DEBUG_INFORMATION_FORMAT = dwarf;
				ENABLE_STRICT_OBJC_MSGSEND = YES;
				ENABLE_TESTABILITY = YES;
				GCC_C_LANGUAGE_STANDARD = gnu99;
				GCC_DYNAMIC_NO_PIC = NO;
				GCC_NO_COMMON_BLOCKS = YES;
				GCC_OPTIMIZATION_LEVEL = 0;
				GCC_PREPROCESSOR_DEFINITIONS = (
					"DEBUG=1",
					"$(inherited)",
				);
				GCC_WARN_64_TO_32_BIT_CONVERSION = YES;
				GCC_WARN_ABOUT_RETURN_TYPE = YES_ERROR;
				GCC_WARN_UNDECLARED_SELECTOR = YES;
				GCC_WARN_UNINITIALIZED_AUTOS = YES_AGGRESSIVE;
				GCC_WARN_UNUSED_FUNCTION = YES;
				GCC_WARN_UNUSED_VARIABLE = YES;
				IPHONEOS_DEPLOYMENT_TARGET = 9.3;
				MTL_ENABLE_DEBUG_INFO = YES;
				ONLY_ACTIVE_ARCH = YES;
				SDKROOT = iphoneos;
				SWIFT_OPTIMIZATION_LEVEL = "-Onone";
			};
			name = Debug;
		};
		E756A8811D2D7E74007C0590 /* Release */ = {
			isa = XCBuildConfiguration;
			buildSettings = {
				ALWAYS_SEARCH_USER_PATHS = NO;
				CLANG_ANALYZER_NONNULL = YES;
				CLANG_CXX_LANGUAGE_STANDARD = "gnu++0x";
				CLANG_CXX_LIBRARY = "libc++";
				CLANG_ENABLE_MODULES = YES;
				CLANG_ENABLE_OBJC_ARC = YES;
				CLANG_WARN_BOOL_CONVERSION = YES;
				CLANG_WARN_CONSTANT_CONVERSION = YES;
				CLANG_WARN_DIRECT_OBJC_ISA_USAGE = YES_ERROR;
				CLANG_WARN_EMPTY_BODY = YES;
				CLANG_WARN_ENUM_CONVERSION = YES;
				CLANG_WARN_INT_CONVERSION = YES;
				CLANG_WARN_OBJC_ROOT_CLASS = YES_ERROR;
				CLANG_WARN_UNREACHABLE_CODE = YES;
				CLANG_WARN__DUPLICATE_METHOD_MATCH = YES;
				"CODE_SIGN_IDENTITY[sdk=iphoneos*]" = "iPhone Developer";
				COPY_PHASE_STRIP = NO;
				DEBUG_INFORMATION_FORMAT = "dwarf-with-dsym";
				ENABLE_NS_ASSERTIONS = NO;
				ENABLE_STRICT_OBJC_MSGSEND = YES;
				GCC_C_LANGUAGE_STANDARD = gnu99;
				GCC_NO_COMMON_BLOCKS = YES;
				GCC_WARN_64_TO_32_BIT_CONVERSION = YES;
				GCC_WARN_ABOUT_RETURN_TYPE = YES_ERROR;
				GCC_WARN_UNDECLARED_SELECTOR = YES;
				GCC_WARN_UNINITIALIZED_AUTOS = YES_AGGRESSIVE;
				GCC_WARN_UNUSED_FUNCTION = YES;
				GCC_WARN_UNUSED_VARIABLE = YES;
				IPHONEOS_DEPLOYMENT_TARGET = 9.3;
				MTL_ENABLE_DEBUG_INFO = NO;
				SDKROOT = iphoneos;
				VALIDATE_PRODUCT = YES;
			};
			name = Release;
		};
		E756A8831D2D7E74007C0590 /* Debug */ = {
			isa = XCBuildConfiguration;
			baseConfigurationReference = 7F275E1B8FE709C2BCDCFD4D /* Pods-JamChat.debug.xcconfig */;
			buildSettings = {
				ASSETCATALOG_COMPILER_APPICON_NAME = AppIcon;
				CODE_SIGN_IDENTITY = "iPhone Developer";
				"CODE_SIGN_IDENTITY[sdk=iphoneos*]" = "iPhone Developer";
				FRAMEWORK_SEARCH_PATHS = (
					"$(inherited)",
					"$(PROJECT_DIR)",
				);
				INFOPLIST_FILE = JamChat/Info.plist;
				IPHONEOS_DEPLOYMENT_TARGET = 9.0;
				LD_RUNPATH_SEARCH_PATHS = "$(inherited) @executable_path/Frameworks";
				PRODUCT_BUNDLE_IDENTIFIER = com.Jammers.JamChatRocks;
				PRODUCT_NAME = "$(TARGET_NAME)";
				PROVISIONING_PROFILE = "";
				TARGETED_DEVICE_FAMILY = 1;
			};
			name = Debug;
		};
		E756A8841D2D7E74007C0590 /* Release */ = {
			isa = XCBuildConfiguration;
			baseConfigurationReference = 06DC7EFB1EBB19B0747B99B1 /* Pods-JamChat.release.xcconfig */;
			buildSettings = {
				ASSETCATALOG_COMPILER_APPICON_NAME = AppIcon;
				CODE_SIGN_IDENTITY = "iPhone Developer";
				"CODE_SIGN_IDENTITY[sdk=iphoneos*]" = "iPhone Developer";
				FRAMEWORK_SEARCH_PATHS = (
					"$(inherited)",
					"$(PROJECT_DIR)",
				);
				INFOPLIST_FILE = JamChat/Info.plist;
				IPHONEOS_DEPLOYMENT_TARGET = 9.0;
				LD_RUNPATH_SEARCH_PATHS = "$(inherited) @executable_path/Frameworks";
				PRODUCT_BUNDLE_IDENTIFIER = com.Jammers.JamChatRocks;
				PRODUCT_NAME = "$(TARGET_NAME)";
				PROVISIONING_PROFILE = "";
				TARGETED_DEVICE_FAMILY = 1;
			};
			name = Release;
		};
/* End XCBuildConfiguration section */

/* Begin XCConfigurationList section */
		E756A86B1D2D7E74007C0590 /* Build configuration list for PBXProject "JamChat" */ = {
			isa = XCConfigurationList;
			buildConfigurations = (
				E756A8801D2D7E74007C0590 /* Debug */,
				E756A8811D2D7E74007C0590 /* Release */,
			);
			defaultConfigurationIsVisible = 0;
			defaultConfigurationName = Release;
		};
		E756A8821D2D7E74007C0590 /* Build configuration list for PBXNativeTarget "JamChat" */ = {
			isa = XCConfigurationList;
			buildConfigurations = (
				E756A8831D2D7E74007C0590 /* Debug */,
				E756A8841D2D7E74007C0590 /* Release */,
			);
			defaultConfigurationIsVisible = 0;
			defaultConfigurationName = Release;
		};
/* End XCConfigurationList section */
	};
	rootObject = E756A8681D2D7E74007C0590 /* Project object */;
}
